
Microsoft Visual Studio Solution File, Format Version 12.00
# Visual Studio 2013
VisualStudioVersion = 12.0.31101.0
MinimumVisualStudioVersion = 10.0.40219.1
Project("{FAE04EC0-301F-11D3-BF4B-00C04F79EFBC}") = "Snowflake", "Snowflake\Snowflake.csproj", "{8F1D65ED-4A96-4A0A-8371-53655A60A2B3}"
EndProject
Project("{2150E333-8FDC-42A3-9474-1A3956D46DE8}") = "Platforms", "Platforms", "{95E5C1D6-192C-42AC-80F4-B10FD82B4062}"
	ProjectSection(SolutionItems) = preProject
		Platforms\NINTENDO_NES.platform = Platforms\NINTENDO_NES.platform
		Platforms\NINTENDO_SNES.platform = Platforms\NINTENDO_SNES.platform
		Platforms\Schema.json = Platforms\Schema.json
	EndProjectSection
EndProject
Project("{FAE04EC0-301F-11D3-BF4B-00C04F79EFBC}") = "Snowflake.Core.Init", "Snowflake.Core.Init\Snowflake.Core.Init.csproj", "{D60707C0-51B8-44DE-9CE7-12C2517CFD01}"
EndProject
Project("{2150E333-8FDC-42A3-9474-1A3956D46DE8}") = ".nuget", ".nuget", "{9ED14780-1B29-4C8E-9445-046FD2880FBD}"
	ProjectSection(SolutionItems) = preProject
		.nuget\NuGet.Config = .nuget\NuGet.Config
		.nuget\NuGet.exe = .nuget\NuGet.exe
		.nuget\NuGet.targets = .nuget\NuGet.targets
	EndProjectSection
EndProject
Project("{FAE04EC0-301F-11D3-BF4B-00C04F79EFBC}") = "Ajax.SnowflakeCore", "Ajax.SnowflakeCore\Ajax.SnowflakeCore.csproj", "{4792C8C4-81A8-4AB1-9041-2DFF4F5E8DBB}"
EndProject
Project("{FAE04EC0-301F-11D3-BF4B-00C04F79EFBC}") = "Snowflake.API", "Snowflake.API\Snowflake.API.csproj", "{2841AEEA-03D5-47B0-9D90-375DFA19559A}"
EndProject
Project("{FAE04EC0-301F-11D3-BF4B-00C04F79EFBC}") = "Snowflake.InputManager.DirectInput", "Snowflake.InputManager.DirectInput\Snowflake.InputManager.DirectInput.csproj", "{F668FD18-74CB-4774-88A4-41614B2FB0AB}"
EndProject
Project("{2150E333-8FDC-42A3-9474-1A3956D46DE8}") = "Controllers", "Controllers", "{52A92EB4-E1D3-450E-ACCD-382EC888C6B0}"
	ProjectSection(SolutionItems) = preProject
		Controllers\NES_CONTROLLER.controller = Controllers\NES_CONTROLLER.controller
		Controllers\SNES_CONTROLLER.controller = Controllers\SNES_CONTROLLER.controller
	EndProjectSection
EndProject
Project("{FAE04EC0-301F-11D3-BF4B-00C04F79EFBC}") = "Snowflake.Tests", "Snowflake.Tests\Snowflake.Tests.csproj", "{F89D6C58-EC34-4B89-8E55-663A9087C9A4}"
EndProject
Global
	GlobalSection(SolutionConfigurationPlatforms) = preSolution
		Debug|Any CPU = Debug|Any CPU
		Release|Any CPU = Release|Any CPU
	EndGlobalSection
	GlobalSection(ProjectConfigurationPlatforms) = postSolution
		{8F1D65ED-4A96-4A0A-8371-53655A60A2B3}.Debug|Any CPU.ActiveCfg = Debug|Any CPU
		{8F1D65ED-4A96-4A0A-8371-53655A60A2B3}.Debug|Any CPU.Build.0 = Debug|Any CPU
		{8F1D65ED-4A96-4A0A-8371-53655A60A2B3}.Release|Any CPU.ActiveCfg = Release|Any CPU
		{8F1D65ED-4A96-4A0A-8371-53655A60A2B3}.Release|Any CPU.Build.0 = Release|Any CPU
		{D60707C0-51B8-44DE-9CE7-12C2517CFD01}.Debug|Any CPU.ActiveCfg = Debug|Any CPU
		{D60707C0-51B8-44DE-9CE7-12C2517CFD01}.Debug|Any CPU.Build.0 = Debug|Any CPU
		{D60707C0-51B8-44DE-9CE7-12C2517CFD01}.Release|Any CPU.ActiveCfg = Release|Any CPU
		{D60707C0-51B8-44DE-9CE7-12C2517CFD01}.Release|Any CPU.Build.0 = Release|Any CPU
		{4792C8C4-81A8-4AB1-9041-2DFF4F5E8DBB}.Debug|Any CPU.ActiveCfg = Debug|Any CPU
		{4792C8C4-81A8-4AB1-9041-2DFF4F5E8DBB}.Release|Any CPU.ActiveCfg = Release|Any CPU
		{2841AEEA-03D5-47B0-9D90-375DFA19559A}.Debug|Any CPU.ActiveCfg = Debug|Any CPU
		{2841AEEA-03D5-47B0-9D90-375DFA19559A}.Debug|Any CPU.Build.0 = Debug|Any CPU
		{2841AEEA-03D5-47B0-9D90-375DFA19559A}.Release|Any CPU.ActiveCfg = Release|Any CPU
		{2841AEEA-03D5-47B0-9D90-375DFA19559A}.Release|Any CPU.Build.0 = Release|Any CPU
		{F668FD18-74CB-4774-88A4-41614B2FB0AB}.Debug|Any CPU.ActiveCfg = Debug|Any CPU
		{F668FD18-74CB-4774-88A4-41614B2FB0AB}.Release|Any CPU.ActiveCfg = Release|Any CPU
		{F668FD18-74CB-4774-88A4-41614B2FB0AB}.Release|Any CPU.Build.0 = Release|Any CPU
		{F89D6C58-EC34-4B89-8E55-663A9087C9A4}.Debug|Any CPU.ActiveCfg = Debug|Any CPU
		{F89D6C58-EC34-4B89-8E55-663A9087C9A4}.Debug|Any CPU.Build.0 = Debug|Any CPU
		{F89D6C58-EC34-4B89-8E55-663A9087C9A4}.Release|Any CPU.ActiveCfg = Release|Any CPU
		{F89D6C58-EC34-4B89-8E55-663A9087C9A4}.Release|Any CPU.Build.0 = Release|Any CPU
	EndGlobalSection
	GlobalSection(SolutionProperties) = preSolution
		HideSolutionNode = FALSE
	EndGlobalSection
EndGlobal
