
Microsoft Visual Studio Solution File, Format Version 12.00
# Visual Studio 2013
VisualStudioVersion = 12.0.31101.0
MinimumVisualStudioVersion = 10.0.40219.1
Project("{FAE04EC0-301F-11D3-BF4B-00C04F79EFBC}") = "Snowflake", "Snowflake\Snowflake.csproj", "{8F1D65ED-4A96-4A0A-8371-53655A60A2B3}"
EndProject
Project("{2150E333-8FDC-42A3-9474-1A3956D46DE8}") = "Platforms", "Platforms", "{95E5C1D6-192C-42AC-80F4-B10FD82B4062}"
	ProjectSection(SolutionItems) = preProject
		Platforms\NINTENDO_N64.platform = Platforms\NINTENDO_N64.platform
		Platforms\NINTENDO_NES.platform = Platforms\NINTENDO_NES.platform
		Platforms\NINTENDO_SNES.platform = Platforms\NINTENDO_SNES.platform
	EndProjectSection
EndProject
Project("{FAE04EC0-301F-11D3-BF4B-00C04F79EFBC}") = "Snowflake.API", "Snowflake.API\Snowflake.API.csproj", "{2841AEEA-03D5-47B0-9D90-375DFA19559A}"
EndProject
Project("{FAE04EC0-301F-11D3-BF4B-00C04F79EFBC}") = "Snowflake.InputManager.DirectInput", "Snowflake.InputManager.DirectInput\Snowflake.InputManager.DirectInput.csproj", "{F668FD18-74CB-4774-88A4-41614B2FB0AB}"
EndProject
Project("{2150E333-8FDC-42A3-9474-1A3956D46DE8}") = "Controllers", "Controllers", "{52A92EB4-E1D3-450E-ACCD-382EC888C6B0}"
	ProjectSection(SolutionItems) = preProject
		Controllers\DUALSHOCK.controller = Controllers\DUALSHOCK.controller
		N64_CONTROLLER.controller = N64_CONTROLLER.controller
		Controllers\NES_CONTROLLER.controller = Controllers\NES_CONTROLLER.controller
		Controllers\SNES_CONTROLLER.controller = Controllers\SNES_CONTROLLER.controller
	EndProjectSection
EndProject
Project("{FAE04EC0-301F-11D3-BF4B-00C04F79EFBC}") = "Snowflake.Tests", "Snowflake.Tests\Snowflake.Tests.csproj", "{F89D6C58-EC34-4B89-8E55-663A9087C9A4}"
EndProject
Project("{2150E333-8FDC-42A3-9474-1A3956D46DE8}") = ".nuget", ".nuget", "{A3EE479D-FA11-4938-85B3-B6C647B23100}"
	ProjectSection(SolutionItems) = preProject
		.nuget\packages.config = .nuget\packages.config
	EndProjectSection
EndProject
Project("{FAE04EC0-301F-11D3-BF4B-00C04F79EFBC}") = "Snowflake.Service", "Snowflake.Service\Snowflake.Service.csproj", "{F3A129D6-0C4C-41BC-B60B-5B7E7E6D1A77}"
EndProject
Project("{FAE04EC0-301F-11D3-BF4B-00C04F79EFBC}") = "Snowflake.Events", "Snowflake.Events\Snowflake.Events.csproj", "{7AE8E842-E2A9-4F01-BEC1-8A7A60CC16BB}"
EndProject
Project("{FAE04EC0-301F-11D3-BF4B-00C04F79EFBC}") = "Snowflake.StandardAjax", "Snowflake.StandardAjax\Snowflake.StandardAjax.csproj", "{25E40ACB-3872-4BEB-8937-AE70104E7F3B}"
EndProject
Project("{FAE04EC0-301F-11D3-BF4B-00C04F79EFBC}") = "Snowflake.Shell.Windows", "Snowflake.Shell.Windows\Snowflake.Shell.Windows.csproj", "{F7A99F10-7770-490C-BF02-92C8B58AD2F3}"
EndProject
Global
	GlobalSection(SolutionConfigurationPlatforms) = preSolution
		Debug|Any CPU = Debug|Any CPU
		Release|Any CPU = Release|Any CPU
	EndGlobalSection
	GlobalSection(ProjectConfigurationPlatforms) = postSolution
		{8F1D65ED-4A96-4A0A-8371-53655A60A2B3}.Debug|Any CPU.ActiveCfg = Debug|Any CPU
		{8F1D65ED-4A96-4A0A-8371-53655A60A2B3}.Debug|Any CPU.Build.0 = Debug|Any CPU
		{8F1D65ED-4A96-4A0A-8371-53655A60A2B3}.Release|Any CPU.ActiveCfg = Release|Any CPU
		{8F1D65ED-4A96-4A0A-8371-53655A60A2B3}.Release|Any CPU.Build.0 = Release|Any CPU
		{2841AEEA-03D5-47B0-9D90-375DFA19559A}.Debug|Any CPU.ActiveCfg = Debug|Any CPU
		{2841AEEA-03D5-47B0-9D90-375DFA19559A}.Debug|Any CPU.Build.0 = Debug|Any CPU
		{2841AEEA-03D5-47B0-9D90-375DFA19559A}.Release|Any CPU.ActiveCfg = Release|Any CPU
		{2841AEEA-03D5-47B0-9D90-375DFA19559A}.Release|Any CPU.Build.0 = Release|Any CPU
		{F668FD18-74CB-4774-88A4-41614B2FB0AB}.Debug|Any CPU.ActiveCfg = Debug|Any CPU
		{F668FD18-74CB-4774-88A4-41614B2FB0AB}.Debug|Any CPU.Build.0 = Debug|Any CPU
		{F668FD18-74CB-4774-88A4-41614B2FB0AB}.Release|Any CPU.ActiveCfg = Release|Any CPU
		{F668FD18-74CB-4774-88A4-41614B2FB0AB}.Release|Any CPU.Build.0 = Release|Any CPU
		{F89D6C58-EC34-4B89-8E55-663A9087C9A4}.Debug|Any CPU.ActiveCfg = Debug|Any CPU
		{F89D6C58-EC34-4B89-8E55-663A9087C9A4}.Debug|Any CPU.Build.0 = Debug|Any CPU
		{F89D6C58-EC34-4B89-8E55-663A9087C9A4}.Release|Any CPU.ActiveCfg = Release|Any CPU
		{F89D6C58-EC34-4B89-8E55-663A9087C9A4}.Release|Any CPU.Build.0 = Release|Any CPU
		{F3A129D6-0C4C-41BC-B60B-5B7E7E6D1A77}.Debug|Any CPU.ActiveCfg = Debug|Any CPU
		{F3A129D6-0C4C-41BC-B60B-5B7E7E6D1A77}.Debug|Any CPU.Build.0 = Debug|Any CPU
		{F3A129D6-0C4C-41BC-B60B-5B7E7E6D1A77}.Release|Any CPU.ActiveCfg = Release|Any CPU
		{F3A129D6-0C4C-41BC-B60B-5B7E7E6D1A77}.Release|Any CPU.Build.0 = Release|Any CPU
		{7AE8E842-E2A9-4F01-BEC1-8A7A60CC16BB}.Debug|Any CPU.ActiveCfg = Debug|Any CPU
		{7AE8E842-E2A9-4F01-BEC1-8A7A60CC16BB}.Debug|Any CPU.Build.0 = Debug|Any CPU
		{7AE8E842-E2A9-4F01-BEC1-8A7A60CC16BB}.Release|Any CPU.ActiveCfg = Release|Any CPU
		{7AE8E842-E2A9-4F01-BEC1-8A7A60CC16BB}.Release|Any CPU.Build.0 = Release|Any CPU
		{25E40ACB-3872-4BEB-8937-AE70104E7F3B}.Debug|Any CPU.ActiveCfg = Debug|Any CPU
		{25E40ACB-3872-4BEB-8937-AE70104E7F3B}.Debug|Any CPU.Build.0 = Debug|Any CPU
		{25E40ACB-3872-4BEB-8937-AE70104E7F3B}.Release|Any CPU.ActiveCfg = Release|Any CPU
		{25E40ACB-3872-4BEB-8937-AE70104E7F3B}.Release|Any CPU.Build.0 = Release|Any CPU
		{F7A99F10-7770-490C-BF02-92C8B58AD2F3}.Debug|Any CPU.ActiveCfg = Debug|Any CPU
		{F7A99F10-7770-490C-BF02-92C8B58AD2F3}.Debug|Any CPU.Build.0 = Debug|Any CPU
		{F7A99F10-7770-490C-BF02-92C8B58AD2F3}.Release|Any CPU.ActiveCfg = Release|Any CPU
		{F7A99F10-7770-490C-BF02-92C8B58AD2F3}.Release|Any CPU.Build.0 = Release|Any CPU
	EndGlobalSection
	GlobalSection(SolutionProperties) = preSolution
		HideSolutionNode = FALSE
	EndGlobalSection
EndGlobal
