
Microsoft Visual Studio Solution File, Format Version 12.00
# Visual Studio 14
VisualStudioVersion = 14.0.25420.1
MinimumVisualStudioVersion = 10.0.40219.1
Project("{FAE04EC0-301F-11D3-BF4B-00C04F79EFBC}") = "Snowflake", "Snowflake\Snowflake.csproj", "{8F1D65ED-4A96-4A0A-8371-53655A60A2B3}"
EndProject
Project("{2150E333-8FDC-42A3-9474-1A3956D46DE8}") = "Platforms", "Platforms", "{95E5C1D6-192C-42AC-80F4-B10FD82B4062}"
	ProjectSection(SolutionItems) = preProject
		Platforms\NINTENDO_N64.platform = Platforms\NINTENDO_N64.platform
		Platforms\NINTENDO_NES.platform = Platforms\NINTENDO_NES.platform
		Platforms\NINTENDO_SNES.platform = Platforms\NINTENDO_SNES.platform
	EndProjectSection
EndProject
Project("{FAE04EC0-301F-11D3-BF4B-00C04F79EFBC}") = "Snowflake.API", "Snowflake.API\Snowflake.API.csproj", "{2841AEEA-03D5-47B0-9D90-375DFA19559A}"
EndProject
Project("{FAE04EC0-301F-11D3-BF4B-00C04F79EFBC}") = "Snowflake.Tests", "Snowflake.Tests\Snowflake.Tests.csproj", "{F89D6C58-EC34-4B89-8E55-663A9087C9A4}"
EndProject
Project("{2150E333-8FDC-42A3-9474-1A3956D46DE8}") = ".nuget", ".nuget", "{A3EE479D-FA11-4938-85B3-B6C647B23100}"
	ProjectSection(SolutionItems) = preProject
		.nuget\packages.config = .nuget\packages.config
	EndProjectSection
EndProject
Project("{FAE04EC0-301F-11D3-BF4B-00C04F79EFBC}") = "Snowflake.Service", "Snowflake.Service\Snowflake.Service.csproj", "{F3A129D6-0C4C-41BC-B60B-5B7E7E6D1A77}"
EndProject
Project("{FAE04EC0-301F-11D3-BF4B-00C04F79EFBC}") = "Snowflake.Shell.Windows", "Snowflake.Shell.Windows\Snowflake.Shell.Windows.csproj", "{F7A99F10-7770-490C-BF02-92C8B58AD2F3}"
EndProject
Project("{FAE04EC0-301F-11D3-BF4B-00C04F79EFBC}") = "Snowflake.Shell.Windows.ElectronUserInterface", "Snowflake.Shell.Windows.ElectronUserInterface\Snowflake.Shell.Windows.ElectronUserInterface.csproj", "{A7191A2F-1478-4E46-A633-BF592230B38E}"
EndProject
Project("{2150E333-8FDC-42A3-9474-1A3956D46DE8}") = "Packaging", "Packaging", "{84DDAD8A-5C57-46EC-BE2C-EA7F1827AD76}"
EndProject
Project("{FAE04EC0-301F-11D3-BF4B-00C04F79EFBC}") = "Snowball", "Packaging\Snowball\Snowball.csproj", "{E84493C8-0171-40A8-94C0-BEFA06C9138B}"
EndProject
Project("{FAE04EC0-301F-11D3-BF4B-00C04F79EFBC}") = "Snowball.CLI", "Packaging\Snowball.CLI\Snowball.CLI.csproj", "{E05BE9C3-3E1E-4100-8DAC-DFF598C11477}"
EndProject
Project("{FAE04EC0-301F-11D3-BF4B-00C04F79EFBC}") = "Snowball.Publishing", "Packaging\Snowball.Publishing\Snowball.Publishing.csproj", "{B152A58A-7D3C-4C54-9BFC-77023180A4D7}"
EndProject
Project("{FAE04EC0-301F-11D3-BF4B-00C04F79EFBC}") = "Snowflake.Utility", "Snowflake.Utility\Snowflake.Utility.csproj", "{E683D4D7-759F-48C5-8DF4-C3350C6362D8}"
EndProject
Project("{2150E333-8FDC-42A3-9474-1A3956D46DE8}") = "Shiragame", "Shiragame", "{182F1747-F6E6-43BA-BB14-EFC1127DE3F4}"
EndProject
Project("{FAE04EC0-301F-11D3-BF4B-00C04F79EFBC}") = "Shiragame.Builder", "Shiragame.Builder\Shiragame.Builder.csproj", "{FE549E81-F09C-480D-ABD1-45054E81872B}"
EndProject
Project("{FAE04EC0-301F-11D3-BF4B-00C04F79EFBC}") = "Snowflake.Tests.ManualIntegrationTests", "Snowflake.Tests.ManualIntegrationTests\Snowflake.Tests.ManualIntegrationTests.csproj", "{99A0D90C-C147-458A-9EFE-E8DC6CCD95A3}"
EndProject
Project("{2150E333-8FDC-42A3-9474-1A3956D46DE8}") = "Scrapers", "Scrapers", "{F1916D1A-9EDB-4E1A-86A3-E245FE72845E}"
EndProject
Project("{FAE04EC0-301F-11D3-BF4B-00C04F79EFBC}") = "Snowflake.Plugin.Scraper.TheGamesDb", "Scrapers\Snowflake.Plugin.Scraper.TheGamesDb\Snowflake.Plugin.Scraper.TheGamesDb.csproj", "{5147DCB0-0C60-4D44-A737-067C99BCCD65}"
EndProject
Project("{FAE04EC0-301F-11D3-BF4B-00C04F79EFBC}") = "Snowflake.Events", "Snowflake.Events\Snowflake.Events.csproj", "{7AE8E842-E2A9-4F01-BEC1-8A7A60CC16BB}"
EndProject
Project("{FAE04EC0-301F-11D3-BF4B-00C04F79EFBC}") = "Snowflake.Romfile.FileSignatures", "Snowflake.FileSignatures\Snowflake.Romfile.FileSignatures.csproj", "{C66356E8-D95E-438A-8BA5-84A04B3D39A4}"
EndProject
Project("{2150E333-8FDC-42A3-9474-1A3956D46DE8}") = "Emulators", "Emulators", "{6D5D6313-05E3-436F-A33A-9AC96CFF1199}"
EndProject
Project("{FAE04EC0-301F-11D3-BF4B-00C04F79EFBC}") = "Snowflake.Plugin.InputEnumerators", "Snowflake.Plugin.InputEnumerators\Snowflake.Plugin.InputEnumerators.csproj", "{D4F012C1-CF84-487F-B1B2-48243F43EE1F}"
EndProject
Project("{FAE04EC0-301F-11D3-BF4B-00C04F79EFBC}") = "Snowflake.Plugin.InputManager.Win32", "Snowflake.Plugin.InputManager.Win32\Snowflake.Plugin.InputManager.Win32.csproj", "{F359B3F3-D477-423A-B485-EA8D7C046836}"
EndProject
Global
	GlobalSection(SolutionConfigurationPlatforms) = preSolution
		Debug|Any CPU = Debug|Any CPU
		Debug|x86 = Debug|x86
		Release|Any CPU = Release|Any CPU
		Release|x86 = Release|x86
	EndGlobalSection
	GlobalSection(ProjectConfigurationPlatforms) = postSolution
		{8F1D65ED-4A96-4A0A-8371-53655A60A2B3}.Debug|Any CPU.ActiveCfg = Debug|Any CPU
		{8F1D65ED-4A96-4A0A-8371-53655A60A2B3}.Debug|Any CPU.Build.0 = Debug|Any CPU
		{8F1D65ED-4A96-4A0A-8371-53655A60A2B3}.Debug|x86.ActiveCfg = Debug|Any CPU
		{8F1D65ED-4A96-4A0A-8371-53655A60A2B3}.Debug|x86.Build.0 = Debug|Any CPU
		{8F1D65ED-4A96-4A0A-8371-53655A60A2B3}.Release|Any CPU.ActiveCfg = Release|Any CPU
		{8F1D65ED-4A96-4A0A-8371-53655A60A2B3}.Release|Any CPU.Build.0 = Release|Any CPU
		{8F1D65ED-4A96-4A0A-8371-53655A60A2B3}.Release|x86.ActiveCfg = Release|Any CPU
		{8F1D65ED-4A96-4A0A-8371-53655A60A2B3}.Release|x86.Build.0 = Release|Any CPU
		{2841AEEA-03D5-47B0-9D90-375DFA19559A}.Debug|Any CPU.ActiveCfg = Debug|Any CPU
		{2841AEEA-03D5-47B0-9D90-375DFA19559A}.Debug|Any CPU.Build.0 = Debug|Any CPU
		{2841AEEA-03D5-47B0-9D90-375DFA19559A}.Debug|x86.ActiveCfg = Debug|Any CPU
		{2841AEEA-03D5-47B0-9D90-375DFA19559A}.Debug|x86.Build.0 = Debug|Any CPU
		{2841AEEA-03D5-47B0-9D90-375DFA19559A}.Release|Any CPU.ActiveCfg = Release|Any CPU
		{2841AEEA-03D5-47B0-9D90-375DFA19559A}.Release|Any CPU.Build.0 = Release|Any CPU
		{2841AEEA-03D5-47B0-9D90-375DFA19559A}.Release|x86.ActiveCfg = Release|Any CPU
		{2841AEEA-03D5-47B0-9D90-375DFA19559A}.Release|x86.Build.0 = Release|Any CPU
		{F89D6C58-EC34-4B89-8E55-663A9087C9A4}.Debug|Any CPU.ActiveCfg = Debug|Any CPU
		{F89D6C58-EC34-4B89-8E55-663A9087C9A4}.Debug|Any CPU.Build.0 = Debug|Any CPU
		{F89D6C58-EC34-4B89-8E55-663A9087C9A4}.Debug|x86.ActiveCfg = Debug|Any CPU
		{F89D6C58-EC34-4B89-8E55-663A9087C9A4}.Debug|x86.Build.0 = Debug|Any CPU
		{F89D6C58-EC34-4B89-8E55-663A9087C9A4}.Release|Any CPU.ActiveCfg = Release|Any CPU
		{F89D6C58-EC34-4B89-8E55-663A9087C9A4}.Release|Any CPU.Build.0 = Release|Any CPU
		{F89D6C58-EC34-4B89-8E55-663A9087C9A4}.Release|x86.ActiveCfg = Release|Any CPU
		{F89D6C58-EC34-4B89-8E55-663A9087C9A4}.Release|x86.Build.0 = Release|Any CPU
		{F3A129D6-0C4C-41BC-B60B-5B7E7E6D1A77}.Debug|Any CPU.ActiveCfg = Debug|Any CPU
		{F3A129D6-0C4C-41BC-B60B-5B7E7E6D1A77}.Debug|Any CPU.Build.0 = Debug|Any CPU
		{F3A129D6-0C4C-41BC-B60B-5B7E7E6D1A77}.Debug|x86.ActiveCfg = Debug|Any CPU
		{F3A129D6-0C4C-41BC-B60B-5B7E7E6D1A77}.Debug|x86.Build.0 = Debug|Any CPU
		{F3A129D6-0C4C-41BC-B60B-5B7E7E6D1A77}.Release|Any CPU.ActiveCfg = Release|Any CPU
		{F3A129D6-0C4C-41BC-B60B-5B7E7E6D1A77}.Release|Any CPU.Build.0 = Release|Any CPU
		{F3A129D6-0C4C-41BC-B60B-5B7E7E6D1A77}.Release|x86.ActiveCfg = Release|Any CPU
		{F3A129D6-0C4C-41BC-B60B-5B7E7E6D1A77}.Release|x86.Build.0 = Release|Any CPU
		{F7A99F10-7770-490C-BF02-92C8B58AD2F3}.Debug|Any CPU.ActiveCfg = Debug|Any CPU
		{F7A99F10-7770-490C-BF02-92C8B58AD2F3}.Debug|Any CPU.Build.0 = Debug|Any CPU
		{F7A99F10-7770-490C-BF02-92C8B58AD2F3}.Debug|x86.ActiveCfg = Debug|Any CPU
		{F7A99F10-7770-490C-BF02-92C8B58AD2F3}.Debug|x86.Build.0 = Debug|Any CPU
		{F7A99F10-7770-490C-BF02-92C8B58AD2F3}.Release|Any CPU.ActiveCfg = Release|Any CPU
		{F7A99F10-7770-490C-BF02-92C8B58AD2F3}.Release|Any CPU.Build.0 = Release|Any CPU
		{F7A99F10-7770-490C-BF02-92C8B58AD2F3}.Release|x86.ActiveCfg = Release|Any CPU
		{F7A99F10-7770-490C-BF02-92C8B58AD2F3}.Release|x86.Build.0 = Release|Any CPU
		{A7191A2F-1478-4E46-A633-BF592230B38E}.Debug|Any CPU.ActiveCfg = Debug|Any CPU
		{A7191A2F-1478-4E46-A633-BF592230B38E}.Debug|Any CPU.Build.0 = Debug|Any CPU
		{A7191A2F-1478-4E46-A633-BF592230B38E}.Debug|x86.ActiveCfg = Debug|Any CPU
		{A7191A2F-1478-4E46-A633-BF592230B38E}.Debug|x86.Build.0 = Debug|Any CPU
		{A7191A2F-1478-4E46-A633-BF592230B38E}.Release|Any CPU.ActiveCfg = Release|Any CPU
		{A7191A2F-1478-4E46-A633-BF592230B38E}.Release|Any CPU.Build.0 = Release|Any CPU
		{A7191A2F-1478-4E46-A633-BF592230B38E}.Release|x86.ActiveCfg = Release|Any CPU
		{A7191A2F-1478-4E46-A633-BF592230B38E}.Release|x86.Build.0 = Release|Any CPU
		{E84493C8-0171-40A8-94C0-BEFA06C9138B}.Debug|Any CPU.ActiveCfg = Debug|Any CPU
		{E84493C8-0171-40A8-94C0-BEFA06C9138B}.Debug|Any CPU.Build.0 = Debug|Any CPU
		{E84493C8-0171-40A8-94C0-BEFA06C9138B}.Debug|x86.ActiveCfg = Debug|Any CPU
		{E84493C8-0171-40A8-94C0-BEFA06C9138B}.Debug|x86.Build.0 = Debug|Any CPU
		{E84493C8-0171-40A8-94C0-BEFA06C9138B}.Release|Any CPU.ActiveCfg = Release|Any CPU
		{E84493C8-0171-40A8-94C0-BEFA06C9138B}.Release|Any CPU.Build.0 = Release|Any CPU
		{E84493C8-0171-40A8-94C0-BEFA06C9138B}.Release|x86.ActiveCfg = Release|Any CPU
		{E84493C8-0171-40A8-94C0-BEFA06C9138B}.Release|x86.Build.0 = Release|Any CPU
		{E05BE9C3-3E1E-4100-8DAC-DFF598C11477}.Debug|Any CPU.ActiveCfg = Debug|Any CPU
		{E05BE9C3-3E1E-4100-8DAC-DFF598C11477}.Debug|Any CPU.Build.0 = Debug|Any CPU
		{E05BE9C3-3E1E-4100-8DAC-DFF598C11477}.Debug|x86.ActiveCfg = Debug|Any CPU
		{E05BE9C3-3E1E-4100-8DAC-DFF598C11477}.Debug|x86.Build.0 = Debug|Any CPU
		{E05BE9C3-3E1E-4100-8DAC-DFF598C11477}.Release|Any CPU.ActiveCfg = Release|Any CPU
		{E05BE9C3-3E1E-4100-8DAC-DFF598C11477}.Release|Any CPU.Build.0 = Release|Any CPU
		{E05BE9C3-3E1E-4100-8DAC-DFF598C11477}.Release|x86.ActiveCfg = Release|Any CPU
		{E05BE9C3-3E1E-4100-8DAC-DFF598C11477}.Release|x86.Build.0 = Release|Any CPU
		{B152A58A-7D3C-4C54-9BFC-77023180A4D7}.Debug|Any CPU.ActiveCfg = Debug|Any CPU
		{B152A58A-7D3C-4C54-9BFC-77023180A4D7}.Debug|Any CPU.Build.0 = Debug|Any CPU
		{B152A58A-7D3C-4C54-9BFC-77023180A4D7}.Debug|x86.ActiveCfg = Debug|Any CPU
		{B152A58A-7D3C-4C54-9BFC-77023180A4D7}.Debug|x86.Build.0 = Debug|Any CPU
		{B152A58A-7D3C-4C54-9BFC-77023180A4D7}.Release|Any CPU.ActiveCfg = Release|Any CPU
		{B152A58A-7D3C-4C54-9BFC-77023180A4D7}.Release|Any CPU.Build.0 = Release|Any CPU
		{B152A58A-7D3C-4C54-9BFC-77023180A4D7}.Release|x86.ActiveCfg = Release|Any CPU
		{B152A58A-7D3C-4C54-9BFC-77023180A4D7}.Release|x86.Build.0 = Release|Any CPU
		{E683D4D7-759F-48C5-8DF4-C3350C6362D8}.Debug|Any CPU.ActiveCfg = Debug|Any CPU
		{E683D4D7-759F-48C5-8DF4-C3350C6362D8}.Debug|Any CPU.Build.0 = Debug|Any CPU
		{E683D4D7-759F-48C5-8DF4-C3350C6362D8}.Debug|x86.ActiveCfg = Debug|Any CPU
		{E683D4D7-759F-48C5-8DF4-C3350C6362D8}.Debug|x86.Build.0 = Debug|Any CPU
		{E683D4D7-759F-48C5-8DF4-C3350C6362D8}.Release|Any CPU.ActiveCfg = Release|Any CPU
		{E683D4D7-759F-48C5-8DF4-C3350C6362D8}.Release|Any CPU.Build.0 = Release|Any CPU
		{E683D4D7-759F-48C5-8DF4-C3350C6362D8}.Release|x86.ActiveCfg = Release|Any CPU
		{E683D4D7-759F-48C5-8DF4-C3350C6362D8}.Release|x86.Build.0 = Release|Any CPU
		{FE549E81-F09C-480D-ABD1-45054E81872B}.Debug|Any CPU.ActiveCfg = Debug|Any CPU
		{FE549E81-F09C-480D-ABD1-45054E81872B}.Debug|Any CPU.Build.0 = Debug|Any CPU
		{FE549E81-F09C-480D-ABD1-45054E81872B}.Debug|x86.ActiveCfg = Debug|Any CPU
		{FE549E81-F09C-480D-ABD1-45054E81872B}.Debug|x86.Build.0 = Debug|Any CPU
		{FE549E81-F09C-480D-ABD1-45054E81872B}.Release|Any CPU.ActiveCfg = Release|Any CPU
		{FE549E81-F09C-480D-ABD1-45054E81872B}.Release|Any CPU.Build.0 = Release|Any CPU
		{FE549E81-F09C-480D-ABD1-45054E81872B}.Release|x86.ActiveCfg = Release|Any CPU
		{FE549E81-F09C-480D-ABD1-45054E81872B}.Release|x86.Build.0 = Release|Any CPU
		{99A0D90C-C147-458A-9EFE-E8DC6CCD95A3}.Debug|Any CPU.ActiveCfg = Debug|Any CPU
		{99A0D90C-C147-458A-9EFE-E8DC6CCD95A3}.Debug|Any CPU.Build.0 = Debug|Any CPU
		{99A0D90C-C147-458A-9EFE-E8DC6CCD95A3}.Debug|x86.ActiveCfg = Debug|Any CPU
		{99A0D90C-C147-458A-9EFE-E8DC6CCD95A3}.Debug|x86.Build.0 = Debug|Any CPU
		{99A0D90C-C147-458A-9EFE-E8DC6CCD95A3}.Release|Any CPU.ActiveCfg = Release|Any CPU
		{99A0D90C-C147-458A-9EFE-E8DC6CCD95A3}.Release|Any CPU.Build.0 = Release|Any CPU
		{99A0D90C-C147-458A-9EFE-E8DC6CCD95A3}.Release|x86.ActiveCfg = Release|Any CPU
		{99A0D90C-C147-458A-9EFE-E8DC6CCD95A3}.Release|x86.Build.0 = Release|Any CPU
		{5147DCB0-0C60-4D44-A737-067C99BCCD65}.Debug|Any CPU.ActiveCfg = Debug|Any CPU
		{5147DCB0-0C60-4D44-A737-067C99BCCD65}.Debug|Any CPU.Build.0 = Debug|Any CPU
		{5147DCB0-0C60-4D44-A737-067C99BCCD65}.Debug|x86.ActiveCfg = Debug|Any CPU
		{5147DCB0-0C60-4D44-A737-067C99BCCD65}.Debug|x86.Build.0 = Debug|Any CPU
		{5147DCB0-0C60-4D44-A737-067C99BCCD65}.Release|Any CPU.ActiveCfg = Release|Any CPU
		{5147DCB0-0C60-4D44-A737-067C99BCCD65}.Release|Any CPU.Build.0 = Release|Any CPU
		{5147DCB0-0C60-4D44-A737-067C99BCCD65}.Release|x86.ActiveCfg = Release|Any CPU
		{5147DCB0-0C60-4D44-A737-067C99BCCD65}.Release|x86.Build.0 = Release|Any CPU
		{7AE8E842-E2A9-4F01-BEC1-8A7A60CC16BB}.Debug|Any CPU.ActiveCfg = Debug|Any CPU
		{7AE8E842-E2A9-4F01-BEC1-8A7A60CC16BB}.Debug|Any CPU.Build.0 = Debug|Any CPU
		{7AE8E842-E2A9-4F01-BEC1-8A7A60CC16BB}.Debug|x86.ActiveCfg = Debug|Any CPU
		{7AE8E842-E2A9-4F01-BEC1-8A7A60CC16BB}.Debug|x86.Build.0 = Debug|Any CPU
		{7AE8E842-E2A9-4F01-BEC1-8A7A60CC16BB}.Release|Any CPU.ActiveCfg = Release|Any CPU
		{7AE8E842-E2A9-4F01-BEC1-8A7A60CC16BB}.Release|Any CPU.Build.0 = Release|Any CPU
		{7AE8E842-E2A9-4F01-BEC1-8A7A60CC16BB}.Release|x86.ActiveCfg = Release|Any CPU
		{7AE8E842-E2A9-4F01-BEC1-8A7A60CC16BB}.Release|x86.Build.0 = Release|Any CPU
		{C66356E8-D95E-438A-8BA5-84A04B3D39A4}.Debug|Any CPU.ActiveCfg = Debug|Any CPU
		{C66356E8-D95E-438A-8BA5-84A04B3D39A4}.Debug|Any CPU.Build.0 = Debug|Any CPU
		{C66356E8-D95E-438A-8BA5-84A04B3D39A4}.Debug|x86.ActiveCfg = Debug|Any CPU
		{C66356E8-D95E-438A-8BA5-84A04B3D39A4}.Debug|x86.Build.0 = Debug|Any CPU
		{C66356E8-D95E-438A-8BA5-84A04B3D39A4}.Release|Any CPU.ActiveCfg = Release|Any CPU
		{C66356E8-D95E-438A-8BA5-84A04B3D39A4}.Release|Any CPU.Build.0 = Release|Any CPU
		{C66356E8-D95E-438A-8BA5-84A04B3D39A4}.Release|x86.ActiveCfg = Release|Any CPU
		{C66356E8-D95E-438A-8BA5-84A04B3D39A4}.Release|x86.Build.0 = Release|Any CPU
		{D4F012C1-CF84-487F-B1B2-48243F43EE1F}.Debug|Any CPU.ActiveCfg = Debug|Any CPU
		{D4F012C1-CF84-487F-B1B2-48243F43EE1F}.Debug|Any CPU.Build.0 = Debug|Any CPU
		{D4F012C1-CF84-487F-B1B2-48243F43EE1F}.Debug|x86.ActiveCfg = Debug|Any CPU
		{D4F012C1-CF84-487F-B1B2-48243F43EE1F}.Debug|x86.Build.0 = Debug|Any CPU
		{D4F012C1-CF84-487F-B1B2-48243F43EE1F}.Release|Any CPU.ActiveCfg = Release|Any CPU
		{D4F012C1-CF84-487F-B1B2-48243F43EE1F}.Release|Any CPU.Build.0 = Release|Any CPU
		{D4F012C1-CF84-487F-B1B2-48243F43EE1F}.Release|x86.ActiveCfg = Release|Any CPU
		{D4F012C1-CF84-487F-B1B2-48243F43EE1F}.Release|x86.Build.0 = Release|Any CPU
		{F359B3F3-D477-423A-B485-EA8D7C046836}.Debug|Any CPU.ActiveCfg = Debug|Any CPU
		{F359B3F3-D477-423A-B485-EA8D7C046836}.Debug|Any CPU.Build.0 = Debug|Any CPU
		{F359B3F3-D477-423A-B485-EA8D7C046836}.Debug|x86.ActiveCfg = Debug|Any CPU
		{F359B3F3-D477-423A-B485-EA8D7C046836}.Debug|x86.Build.0 = Debug|Any CPU
		{F359B3F3-D477-423A-B485-EA8D7C046836}.Release|Any CPU.ActiveCfg = Release|Any CPU
		{F359B3F3-D477-423A-B485-EA8D7C046836}.Release|Any CPU.Build.0 = Release|Any CPU
		{F359B3F3-D477-423A-B485-EA8D7C046836}.Release|x86.ActiveCfg = Release|Any CPU
		{F359B3F3-D477-423A-B485-EA8D7C046836}.Release|x86.Build.0 = Release|Any CPU
	EndGlobalSection
	GlobalSection(SolutionProperties) = preSolution
		HideSolutionNode = FALSE
	EndGlobalSection
	GlobalSection(NestedProjects) = preSolution
		{E84493C8-0171-40A8-94C0-BEFA06C9138B} = {84DDAD8A-5C57-46EC-BE2C-EA7F1827AD76}
		{E05BE9C3-3E1E-4100-8DAC-DFF598C11477} = {84DDAD8A-5C57-46EC-BE2C-EA7F1827AD76}
		{B152A58A-7D3C-4C54-9BFC-77023180A4D7} = {84DDAD8A-5C57-46EC-BE2C-EA7F1827AD76}
		{FE549E81-F09C-480D-ABD1-45054E81872B} = {182F1747-F6E6-43BA-BB14-EFC1127DE3F4}
		{5147DCB0-0C60-4D44-A737-067C99BCCD65} = {F1916D1A-9EDB-4E1A-86A3-E245FE72845E}
	EndGlobalSection
EndGlobal
