
Microsoft Visual Studio Solution File, Format Version 12.00
# Visual Studio Version 16
VisualStudioVersion = 16.0.28407.52
MinimumVisualStudioVersion = 10.0.40219.1
Project("{2150E333-8FDC-42A3-9474-1A3956D46DE8}") = "Framework", "Framework", "{49B7A61F-B3BE-485E-84D0-B78C08656412}"
EndProject
Project("{9A19103F-16F7-4668-BE54-9A1E7A4F7556}") = "Snowflake.Framework.Primitives", "Snowflake.Framework.Primitives\Snowflake.Framework.Primitives.csproj", "{D51AAF5A-7429-4A04-BDC7-255DEF9FE366}"
EndProject
Project("{9A19103F-16F7-4668-BE54-9A1E7A4F7556}") = "Snowflake.Framework", "Snowflake.Framework\Snowflake.Framework.csproj", "{352E860C-8B14-477B-AAA4-DA73A82DD461}"
EndProject
Project("{9A19103F-16F7-4668-BE54-9A1E7A4F7556}") = "Snowflake.Framework.Services", "Snowflake.Framework.Services\Snowflake.Framework.Services.csproj", "{25067838-7895-43C2-A1E5-BFBD7F398912}"
EndProject
Project("{2150E333-8FDC-42A3-9474-1A3956D46DE8}") = "Support", "Support", "{FBD15674-246A-4C57-B865-07214D8BB9A1}"
EndProject
Project("{2150E333-8FDC-42A3-9474-1A3956D46DE8}") = "Tooling", "Tooling", "{8E178A6E-EAA5-413A-9EBE-36557DFF288E}"
EndProject
Project("{9A19103F-16F7-4668-BE54-9A1E7A4F7556}") = "Snowflake.Tooling.Shiragame", "Snowflake.Tooling.Shiragame\Snowflake.Tooling.Shiragame.csproj", "{DE4EC9B6-86E3-4E9C-B260-600DAEDE9E12}"
EndProject
Project("{2150E333-8FDC-42A3-9474-1A3956D46DE8}") = "Plugins", "Plugins", "{4D861CF0-7989-4E65-8F7C-B802B5D1AD86}"
EndProject
Project("{2150E333-8FDC-42A3-9474-1A3956D46DE8}") = "Emulators", "Emulators", "{C81398F8-AD50-4179-A0EC-2566EF978F1E}"
EndProject
Project("{2150E333-8FDC-42A3-9474-1A3956D46DE8}") = "Bootstrap", "Bootstrap", "{4EAF5E91-8489-43BE-8B06-4E1F09DF8B2B}"
EndProject
Project("{9A19103F-16F7-4668-BE54-9A1E7A4F7556}") = "Snowflake.Bootstrap.Windows", "Snowflake.Bootstrap.Windows\Snowflake.Bootstrap.Windows.csproj", "{6D8576F4-6694-4704-9439-EBFE9652A140}"
EndProject
Project("{9A19103F-16F7-4668-BE54-9A1E7A4F7556}") = "Snowflake.Framework.Tests", "Snowflake.Framework.Tests\Snowflake.Framework.Tests.csproj", "{5881A6EB-E702-4A4E-9F0A-6B4B91FE34B6}"
EndProject
Project("{9A19103F-16F7-4668-BE54-9A1E7A4F7556}") = "Snowflake.Tooling.HelloWorldContainer", "Snowflake.Tooling.HelloWorldContainer\Snowflake.Tooling.HelloWorldContainer.csproj", "{292B1A29-4ADE-49CB-BDE3-20759AB20E37}"
EndProject
Project("{9A19103F-16F7-4668-BE54-9A1E7A4F7556}") = "Snowflake.Support.StoneProvider", "Snowflake.Support.StoneProvider\Snowflake.Support.StoneProvider.csproj", "{AD3E7BA2-4B2F-47FD-BA0C-DB4EF83BB05D}"
EndProject
Project("{9A19103F-16F7-4668-BE54-9A1E7A4F7556}") = "Snowflake.Support.PluginManager", "Snowflake.Support.PluginManager\Snowflake.Support.PluginManager.csproj", "{4CE3F6B7-4F87-454F-B590-85037D5BE085}"
EndProject
Project("{9A19103F-16F7-4668-BE54-9A1E7A4F7556}") = "Snowflake.Support.ShiragameProvider", "Snowflake.Support.ShiragameProvider\Snowflake.Support.ShiragameProvider.csproj", "{77C85584-ABF2-4750-BB85-8CE49EDC65FF}"
EndProject
Project("{9A19103F-16F7-4668-BE54-9A1E7A4F7556}") = "Snowflake.Framework.Tests.DummyComposable", "Snowflake.Framework.Tests.DummyComposable\Snowflake.Framework.Tests.DummyComposable.csproj", "{28E6E924-BC59-4124-9EB1-F02A57C7A7E3}"
EndProject
Project("{9A19103F-16F7-4668-BE54-9A1E7A4F7556}") = "Snowflake.Framework.Tests.DummyComposableInterface", "Snowflake.Framework.Tests.DummyComposableInterface\Snowflake.Framework.Tests.DummyComposableInterface.csproj", "{1F42B6A4-FAB1-4E49-B984-6FEA213C6D92}"
EndProject
Project("{2150E333-8FDC-42A3-9474-1A3956D46DE8}") = "Testing", "Testing", "{16BB0B43-6224-42C2-9A33-A039348CF965}"
EndProject
Project("{9A19103F-16F7-4668-BE54-9A1E7A4F7556}") = "Snowflake.Framework.Tests.InvalidComposable", "Snowflake.Framework.Tests.InvalidComposable\Snowflake.Framework.Tests.InvalidComposable.csproj", "{89242BED-0913-4B7A-8C3A-8333B01EE9E9}"
EndProject
Project("{2150E333-8FDC-42A3-9474-1A3956D46DE8}") = "Scraping", "Scraping", "{86D5767F-B32D-4E1B-BBA2-B87A0DEC6C6F}"
EndProject
Project("{9A19103F-16F7-4668-BE54-9A1E7A4F7556}") = "Snowflake.Tooling.Taskrunner", "Snowflake.Tooling.Taskrunner\Snowflake.Tooling.Taskrunner.csproj", "{68750828-29F8-4CB4-AF7B-0F48305FA06D}"
EndProject
Project("{2150E333-8FDC-42A3-9474-1A3956D46DE8}") = "Solution Items", "Solution Items", "{1694A898-A257-4E2F-BCEF-FC8EBD109D22}"
EndProject
Project("{9A19103F-16F7-4668-BE54-9A1E7A4F7556}") = "Snowflake.Support.Remoting.Electron.ThemeProvider", "Snowflake.Support.Remoting.Electron.ThemeProvider\Snowflake.Support.Remoting.Electron.ThemeProvider.csproj", "{FDA33F17-5D5F-4651-917A-19E6CD804AB2}"
EndProject
Project("{9A19103F-16F7-4668-BE54-9A1E7A4F7556}") = "Snowflake.Framework.Dependencies.Sdk", "Snowflake.Framework.Dependencies.Sdk\Snowflake.Framework.Dependencies.Sdk.csproj", "{C044AEDA-BE98-46A0-8357-EA06B7776C19}"
EndProject
Project("{9A19103F-16F7-4668-BE54-9A1E7A4F7556}") = "Snowflake.Framework.Dependencies", "Snowflake.Framework.Dependencies\Snowflake.Framework.Dependencies.csproj", "{8D5A8F2A-50EF-42A2-90F5-499CED9D6281}"
EndProject
Project("{2150E333-8FDC-42A3-9474-1A3956D46DE8}") = "Sdk", "Sdk", "{FD0D8E05-2E14-4898-ACBC-665F0DDFF328}"
EndProject
Project("{9A19103F-16F7-4668-BE54-9A1E7A4F7556}") = "Snowflake.Framework.Library", "Snowflake.Framework.Library\Snowflake.Framework.Library.csproj", "{78F2E1B7-2005-4C7C-A825-8638C7693D4E}"
EndProject
Project("{9A19103F-16F7-4668-BE54-9A1E7A4F7556}") = "Snowflake.Framework.Remoting", "Snowflake.Framework.Remoting\Snowflake.Framework.Remoting.csproj", "{B16CA099-DFCE-47EF-B0E8-8B19E5A9D1FF}"
EndProject
Project("{2150E333-8FDC-42A3-9474-1A3956D46DE8}") = "Debug", "Debug", "{1E86524C-DF07-4BD1-92C6-843ABA8BE837}"
EndProject
Project("{9A19103F-16F7-4668-BE54-9A1E7A4F7556}") = "Snowflake.Plugin.Debug.GraphQLVisualizers", "Snowflake.Plugin.Debug.GraphQLVisualizers\Snowflake.Plugin.Debug.GraphQLVisualizers.csproj", "{9AEF4D1D-2871-4CA6-AA33-E2A019E0CE0A}"
EndProject
Project("{9A19103F-16F7-4668-BE54-9A1E7A4F7556}") = "Snowflake.Support.StoreProviders", "Snowflake.Support.StoreProviders\Snowflake.Support.StoreProviders.csproj", "{90F3AA90-3C48-4C01-9E4D-E58BA5E78AC7}"
EndProject
Project("{9A19103F-16F7-4668-BE54-9A1E7A4F7556}") = "Snowflake.Tooling.BuildScript", "..\build\Snowflake.Tooling.BuildScript.csproj", "{8C70CDAD-B234-4868-BC36-831A0E48EC04}"
EndProject
Project("{2150E333-8FDC-42A3-9474-1A3956D46DE8}") = "Installation", "Installation", "{047459AC-E2D8-44D5-8BBB-45116E71FEA4}"
EndProject
Project("{9A19103F-16F7-4668-BE54-9A1E7A4F7556}") = "Snowflake.Plugin.Installation.BasicInstallers", "Snowflake.Plugin.Installation.BasicInstallers\Snowflake.Plugin.Installation.BasicInstallers.csproj", "{952EB45A-D03D-482B-9C04-871A6AC1CD7F}"
EndProject
Project("{9A19103F-16F7-4668-BE54-9A1E7A4F7556}") = "Snowflake.Plugin.Scraping.GiantBomb", "Snowflake.Plugin.Scraping.GiantBomb\Snowflake.Plugin.Scraping.GiantBomb.csproj", "{115B7A5E-9FF2-46FF-B6F7-FFE16219D901}"
EndProject
Project("{9A19103F-16F7-4668-BE54-9A1E7A4F7556}") = "Snowflake.Support.Scraping.Primitives", "Snowflake.Support.Scraping.Primitives\Snowflake.Support.Scraping.Primitives.csproj", "{CDD860EE-E357-44D7-955D-2B07EE74DDA2}"
EndProject
Project("{9A19103F-16F7-4668-BE54-9A1E7A4F7556}") = "Snowflake.Plugin.Emulators.RetroArch", "Snowflake.Plugin.Emulators.RetroArch\Snowflake.Plugin.Emulators.RetroArch.csproj", "{7B683C49-2F8C-4CA8-86A7-0BAAD5A2D6B8}"
EndProject
Project("{9A19103F-16F7-4668-BE54-9A1E7A4F7556}") = "Snowflake.Framework.Tests.Input.Windows", "Snowflake.Framework.Tests.Input.Windows\Snowflake.Framework.Tests.Input.Windows.csproj", "{3E93A198-0DCB-4BBC-A169-118703DF5614}"
EndProject
Project("{9A19103F-16F7-4668-BE54-9A1E7A4F7556}") = "Snowflake.Support.InputEnumerators.Windows", "Snowflake.Support.InputEnumerators.Windows\Snowflake.Support.InputEnumerators.Windows.csproj", "{7E255661-2E15-439A-B1B9-CB0CF52C7079}"
EndProject
Project("{9A19103F-16F7-4668-BE54-9A1E7A4F7556}") = "Snowflake.Support.Orchestration.Providers", "Snowflake.Support.Orchestration.Providers\Snowflake.Support.Orchestration.Providers.csproj", "{566BBE4C-1ADF-425C-BF31-44A495131C09}"
EndProject
Project("{9A19103F-16F7-4668-BE54-9A1E7A4F7556}") = "Snowflake.Support.GraphQL.FrameworkQueries", "Snowflake.Support.GraphQL.FrameworkQueries\Snowflake.Support.GraphQL.FrameworkQueries.csproj", "{DD94F85D-84A5-430F-96FE-55B8D702A2FE}"
EndProject
Project("{9A19103F-16F7-4668-BE54-9A1E7A4F7556}") = "Snowflake.Framework.Sdk", "Snowflake.Framework.Sdk\Snowflake.Framework.Sdk.csproj", "{C313F9B2-CD0A-4C07-B765-DD9F05B51516}"
EndProject
Project("{FAE04EC0-301F-11D3-BF4B-00C04F79EFBC}") = "Snowflake.Framework.Remoting.GraphQL", "Snowflake.Framework.Remoting.GraphQL\Snowflake.Framework.Remoting.GraphQL.csproj", "{A0CDF5B6-49EB-49D4-A394-B20E5A0A4F4A}"
EndProject
Project("{FAE04EC0-301F-11D3-BF4B-00C04F79EFBC}") = "Snowflake.Support.GraphQL.Server", "Snowflake.Support.GraphQL.Server\Snowflake.Support.GraphQL.Server.csproj", "{22986263-0BAD-4D78-9EE4-641F6534B050}"
EndProject
Global
	GlobalSection(SolutionConfigurationPlatforms) = preSolution
		Debug|Any CPU = Debug|Any CPU
		Debug|x64 = Debug|x64
		Debug|x86 = Debug|x86
		Release|Any CPU = Release|Any CPU
		Release|x64 = Release|x64
		Release|x86 = Release|x86
	EndGlobalSection
	GlobalSection(ProjectConfigurationPlatforms) = postSolution
		{D51AAF5A-7429-4A04-BDC7-255DEF9FE366}.Debug|Any CPU.ActiveCfg = Debug|Any CPU
		{D51AAF5A-7429-4A04-BDC7-255DEF9FE366}.Debug|Any CPU.Build.0 = Debug|Any CPU
		{D51AAF5A-7429-4A04-BDC7-255DEF9FE366}.Debug|x64.ActiveCfg = Debug|Any CPU
		{D51AAF5A-7429-4A04-BDC7-255DEF9FE366}.Debug|x64.Build.0 = Debug|Any CPU
		{D51AAF5A-7429-4A04-BDC7-255DEF9FE366}.Debug|x86.ActiveCfg = Debug|Any CPU
		{D51AAF5A-7429-4A04-BDC7-255DEF9FE366}.Debug|x86.Build.0 = Debug|Any CPU
		{D51AAF5A-7429-4A04-BDC7-255DEF9FE366}.Release|Any CPU.ActiveCfg = Release|Any CPU
		{D51AAF5A-7429-4A04-BDC7-255DEF9FE366}.Release|Any CPU.Build.0 = Release|Any CPU
		{D51AAF5A-7429-4A04-BDC7-255DEF9FE366}.Release|x64.ActiveCfg = Release|Any CPU
		{D51AAF5A-7429-4A04-BDC7-255DEF9FE366}.Release|x64.Build.0 = Release|Any CPU
		{D51AAF5A-7429-4A04-BDC7-255DEF9FE366}.Release|x86.ActiveCfg = Release|Any CPU
		{D51AAF5A-7429-4A04-BDC7-255DEF9FE366}.Release|x86.Build.0 = Release|Any CPU
		{352E860C-8B14-477B-AAA4-DA73A82DD461}.Debug|Any CPU.ActiveCfg = Debug|Any CPU
		{352E860C-8B14-477B-AAA4-DA73A82DD461}.Debug|Any CPU.Build.0 = Debug|Any CPU
		{352E860C-8B14-477B-AAA4-DA73A82DD461}.Debug|x64.ActiveCfg = Debug|Any CPU
		{352E860C-8B14-477B-AAA4-DA73A82DD461}.Debug|x64.Build.0 = Debug|Any CPU
		{352E860C-8B14-477B-AAA4-DA73A82DD461}.Debug|x86.ActiveCfg = Debug|Any CPU
		{352E860C-8B14-477B-AAA4-DA73A82DD461}.Debug|x86.Build.0 = Debug|Any CPU
		{352E860C-8B14-477B-AAA4-DA73A82DD461}.Release|Any CPU.ActiveCfg = Release|Any CPU
		{352E860C-8B14-477B-AAA4-DA73A82DD461}.Release|Any CPU.Build.0 = Release|Any CPU
		{352E860C-8B14-477B-AAA4-DA73A82DD461}.Release|x64.ActiveCfg = Release|Any CPU
		{352E860C-8B14-477B-AAA4-DA73A82DD461}.Release|x64.Build.0 = Release|Any CPU
		{352E860C-8B14-477B-AAA4-DA73A82DD461}.Release|x86.ActiveCfg = Release|Any CPU
		{352E860C-8B14-477B-AAA4-DA73A82DD461}.Release|x86.Build.0 = Release|Any CPU
		{25067838-7895-43C2-A1E5-BFBD7F398912}.Debug|Any CPU.ActiveCfg = Debug|Any CPU
		{25067838-7895-43C2-A1E5-BFBD7F398912}.Debug|Any CPU.Build.0 = Debug|Any CPU
		{25067838-7895-43C2-A1E5-BFBD7F398912}.Debug|x64.ActiveCfg = Debug|Any CPU
		{25067838-7895-43C2-A1E5-BFBD7F398912}.Debug|x64.Build.0 = Debug|Any CPU
		{25067838-7895-43C2-A1E5-BFBD7F398912}.Debug|x86.ActiveCfg = Debug|Any CPU
		{25067838-7895-43C2-A1E5-BFBD7F398912}.Debug|x86.Build.0 = Debug|Any CPU
		{25067838-7895-43C2-A1E5-BFBD7F398912}.Release|Any CPU.ActiveCfg = Release|Any CPU
		{25067838-7895-43C2-A1E5-BFBD7F398912}.Release|Any CPU.Build.0 = Release|Any CPU
		{25067838-7895-43C2-A1E5-BFBD7F398912}.Release|x64.ActiveCfg = Release|Any CPU
		{25067838-7895-43C2-A1E5-BFBD7F398912}.Release|x64.Build.0 = Release|Any CPU
		{25067838-7895-43C2-A1E5-BFBD7F398912}.Release|x86.ActiveCfg = Release|Any CPU
		{25067838-7895-43C2-A1E5-BFBD7F398912}.Release|x86.Build.0 = Release|Any CPU
		{DE4EC9B6-86E3-4E9C-B260-600DAEDE9E12}.Debug|Any CPU.ActiveCfg = Debug|Any CPU
		{DE4EC9B6-86E3-4E9C-B260-600DAEDE9E12}.Debug|Any CPU.Build.0 = Debug|Any CPU
		{DE4EC9B6-86E3-4E9C-B260-600DAEDE9E12}.Debug|x64.ActiveCfg = Debug|Any CPU
		{DE4EC9B6-86E3-4E9C-B260-600DAEDE9E12}.Debug|x64.Build.0 = Debug|Any CPU
		{DE4EC9B6-86E3-4E9C-B260-600DAEDE9E12}.Debug|x86.ActiveCfg = Debug|Any CPU
		{DE4EC9B6-86E3-4E9C-B260-600DAEDE9E12}.Debug|x86.Build.0 = Debug|Any CPU
		{DE4EC9B6-86E3-4E9C-B260-600DAEDE9E12}.Release|Any CPU.ActiveCfg = Release|Any CPU
		{DE4EC9B6-86E3-4E9C-B260-600DAEDE9E12}.Release|Any CPU.Build.0 = Release|Any CPU
		{DE4EC9B6-86E3-4E9C-B260-600DAEDE9E12}.Release|x64.ActiveCfg = Release|Any CPU
		{DE4EC9B6-86E3-4E9C-B260-600DAEDE9E12}.Release|x64.Build.0 = Release|Any CPU
		{DE4EC9B6-86E3-4E9C-B260-600DAEDE9E12}.Release|x86.ActiveCfg = Release|Any CPU
		{DE4EC9B6-86E3-4E9C-B260-600DAEDE9E12}.Release|x86.Build.0 = Release|Any CPU
		{6D8576F4-6694-4704-9439-EBFE9652A140}.Debug|Any CPU.ActiveCfg = Debug|Any CPU
		{6D8576F4-6694-4704-9439-EBFE9652A140}.Debug|Any CPU.Build.0 = Debug|Any CPU
		{6D8576F4-6694-4704-9439-EBFE9652A140}.Debug|x64.ActiveCfg = Debug|Any CPU
		{6D8576F4-6694-4704-9439-EBFE9652A140}.Debug|x64.Build.0 = Debug|Any CPU
		{6D8576F4-6694-4704-9439-EBFE9652A140}.Debug|x86.ActiveCfg = Debug|Any CPU
		{6D8576F4-6694-4704-9439-EBFE9652A140}.Debug|x86.Build.0 = Debug|Any CPU
		{6D8576F4-6694-4704-9439-EBFE9652A140}.Release|Any CPU.ActiveCfg = Release|Any CPU
		{6D8576F4-6694-4704-9439-EBFE9652A140}.Release|Any CPU.Build.0 = Release|Any CPU
		{6D8576F4-6694-4704-9439-EBFE9652A140}.Release|x64.ActiveCfg = Release|Any CPU
		{6D8576F4-6694-4704-9439-EBFE9652A140}.Release|x64.Build.0 = Release|Any CPU
		{6D8576F4-6694-4704-9439-EBFE9652A140}.Release|x86.ActiveCfg = Release|Any CPU
		{6D8576F4-6694-4704-9439-EBFE9652A140}.Release|x86.Build.0 = Release|Any CPU
		{5881A6EB-E702-4A4E-9F0A-6B4B91FE34B6}.Debug|Any CPU.ActiveCfg = Debug|Any CPU
		{5881A6EB-E702-4A4E-9F0A-6B4B91FE34B6}.Debug|Any CPU.Build.0 = Debug|Any CPU
		{5881A6EB-E702-4A4E-9F0A-6B4B91FE34B6}.Debug|x64.ActiveCfg = Debug|Any CPU
		{5881A6EB-E702-4A4E-9F0A-6B4B91FE34B6}.Debug|x64.Build.0 = Debug|Any CPU
		{5881A6EB-E702-4A4E-9F0A-6B4B91FE34B6}.Debug|x86.ActiveCfg = Debug|Any CPU
		{5881A6EB-E702-4A4E-9F0A-6B4B91FE34B6}.Debug|x86.Build.0 = Debug|Any CPU
		{5881A6EB-E702-4A4E-9F0A-6B4B91FE34B6}.Release|Any CPU.ActiveCfg = Release|Any CPU
		{5881A6EB-E702-4A4E-9F0A-6B4B91FE34B6}.Release|Any CPU.Build.0 = Release|Any CPU
		{5881A6EB-E702-4A4E-9F0A-6B4B91FE34B6}.Release|x64.ActiveCfg = Release|Any CPU
		{5881A6EB-E702-4A4E-9F0A-6B4B91FE34B6}.Release|x64.Build.0 = Release|Any CPU
		{5881A6EB-E702-4A4E-9F0A-6B4B91FE34B6}.Release|x86.ActiveCfg = Release|Any CPU
		{5881A6EB-E702-4A4E-9F0A-6B4B91FE34B6}.Release|x86.Build.0 = Release|Any CPU
		{292B1A29-4ADE-49CB-BDE3-20759AB20E37}.Debug|Any CPU.ActiveCfg = Debug|Any CPU
		{292B1A29-4ADE-49CB-BDE3-20759AB20E37}.Debug|Any CPU.Build.0 = Debug|Any CPU
		{292B1A29-4ADE-49CB-BDE3-20759AB20E37}.Debug|x64.ActiveCfg = Debug|Any CPU
		{292B1A29-4ADE-49CB-BDE3-20759AB20E37}.Debug|x64.Build.0 = Debug|Any CPU
		{292B1A29-4ADE-49CB-BDE3-20759AB20E37}.Debug|x86.ActiveCfg = Debug|Any CPU
		{292B1A29-4ADE-49CB-BDE3-20759AB20E37}.Debug|x86.Build.0 = Debug|Any CPU
		{292B1A29-4ADE-49CB-BDE3-20759AB20E37}.Release|Any CPU.ActiveCfg = Release|Any CPU
		{292B1A29-4ADE-49CB-BDE3-20759AB20E37}.Release|Any CPU.Build.0 = Release|Any CPU
		{292B1A29-4ADE-49CB-BDE3-20759AB20E37}.Release|x64.ActiveCfg = Release|Any CPU
		{292B1A29-4ADE-49CB-BDE3-20759AB20E37}.Release|x64.Build.0 = Release|Any CPU
		{292B1A29-4ADE-49CB-BDE3-20759AB20E37}.Release|x86.ActiveCfg = Release|Any CPU
		{292B1A29-4ADE-49CB-BDE3-20759AB20E37}.Release|x86.Build.0 = Release|Any CPU
		{AD3E7BA2-4B2F-47FD-BA0C-DB4EF83BB05D}.Debug|Any CPU.ActiveCfg = Debug|Any CPU
		{AD3E7BA2-4B2F-47FD-BA0C-DB4EF83BB05D}.Debug|Any CPU.Build.0 = Debug|Any CPU
		{AD3E7BA2-4B2F-47FD-BA0C-DB4EF83BB05D}.Debug|x64.ActiveCfg = Debug|Any CPU
		{AD3E7BA2-4B2F-47FD-BA0C-DB4EF83BB05D}.Debug|x64.Build.0 = Debug|Any CPU
		{AD3E7BA2-4B2F-47FD-BA0C-DB4EF83BB05D}.Debug|x86.ActiveCfg = Debug|Any CPU
		{AD3E7BA2-4B2F-47FD-BA0C-DB4EF83BB05D}.Debug|x86.Build.0 = Debug|Any CPU
		{AD3E7BA2-4B2F-47FD-BA0C-DB4EF83BB05D}.Release|Any CPU.ActiveCfg = Release|Any CPU
		{AD3E7BA2-4B2F-47FD-BA0C-DB4EF83BB05D}.Release|Any CPU.Build.0 = Release|Any CPU
		{AD3E7BA2-4B2F-47FD-BA0C-DB4EF83BB05D}.Release|x64.ActiveCfg = Release|Any CPU
		{AD3E7BA2-4B2F-47FD-BA0C-DB4EF83BB05D}.Release|x64.Build.0 = Release|Any CPU
		{AD3E7BA2-4B2F-47FD-BA0C-DB4EF83BB05D}.Release|x86.ActiveCfg = Release|Any CPU
		{AD3E7BA2-4B2F-47FD-BA0C-DB4EF83BB05D}.Release|x86.Build.0 = Release|Any CPU
		{4CE3F6B7-4F87-454F-B590-85037D5BE085}.Debug|Any CPU.ActiveCfg = Debug|Any CPU
		{4CE3F6B7-4F87-454F-B590-85037D5BE085}.Debug|Any CPU.Build.0 = Debug|Any CPU
		{4CE3F6B7-4F87-454F-B590-85037D5BE085}.Debug|x64.ActiveCfg = Debug|Any CPU
		{4CE3F6B7-4F87-454F-B590-85037D5BE085}.Debug|x64.Build.0 = Debug|Any CPU
		{4CE3F6B7-4F87-454F-B590-85037D5BE085}.Debug|x86.ActiveCfg = Debug|Any CPU
		{4CE3F6B7-4F87-454F-B590-85037D5BE085}.Debug|x86.Build.0 = Debug|Any CPU
		{4CE3F6B7-4F87-454F-B590-85037D5BE085}.Release|Any CPU.ActiveCfg = Release|Any CPU
		{4CE3F6B7-4F87-454F-B590-85037D5BE085}.Release|Any CPU.Build.0 = Release|Any CPU
		{4CE3F6B7-4F87-454F-B590-85037D5BE085}.Release|x64.ActiveCfg = Release|Any CPU
		{4CE3F6B7-4F87-454F-B590-85037D5BE085}.Release|x64.Build.0 = Release|Any CPU
		{4CE3F6B7-4F87-454F-B590-85037D5BE085}.Release|x86.ActiveCfg = Release|Any CPU
		{4CE3F6B7-4F87-454F-B590-85037D5BE085}.Release|x86.Build.0 = Release|Any CPU
		{77C85584-ABF2-4750-BB85-8CE49EDC65FF}.Debug|Any CPU.ActiveCfg = Debug|Any CPU
		{77C85584-ABF2-4750-BB85-8CE49EDC65FF}.Debug|Any CPU.Build.0 = Debug|Any CPU
		{77C85584-ABF2-4750-BB85-8CE49EDC65FF}.Debug|x64.ActiveCfg = Debug|Any CPU
		{77C85584-ABF2-4750-BB85-8CE49EDC65FF}.Debug|x64.Build.0 = Debug|Any CPU
		{77C85584-ABF2-4750-BB85-8CE49EDC65FF}.Debug|x86.ActiveCfg = Debug|Any CPU
		{77C85584-ABF2-4750-BB85-8CE49EDC65FF}.Debug|x86.Build.0 = Debug|Any CPU
		{77C85584-ABF2-4750-BB85-8CE49EDC65FF}.Release|Any CPU.ActiveCfg = Release|Any CPU
		{77C85584-ABF2-4750-BB85-8CE49EDC65FF}.Release|Any CPU.Build.0 = Release|Any CPU
		{77C85584-ABF2-4750-BB85-8CE49EDC65FF}.Release|x64.ActiveCfg = Release|Any CPU
		{77C85584-ABF2-4750-BB85-8CE49EDC65FF}.Release|x64.Build.0 = Release|Any CPU
		{77C85584-ABF2-4750-BB85-8CE49EDC65FF}.Release|x86.ActiveCfg = Release|Any CPU
		{77C85584-ABF2-4750-BB85-8CE49EDC65FF}.Release|x86.Build.0 = Release|Any CPU
		{28E6E924-BC59-4124-9EB1-F02A57C7A7E3}.Debug|Any CPU.ActiveCfg = Debug|Any CPU
		{28E6E924-BC59-4124-9EB1-F02A57C7A7E3}.Debug|Any CPU.Build.0 = Debug|Any CPU
		{28E6E924-BC59-4124-9EB1-F02A57C7A7E3}.Debug|x64.ActiveCfg = Debug|Any CPU
		{28E6E924-BC59-4124-9EB1-F02A57C7A7E3}.Debug|x64.Build.0 = Debug|Any CPU
		{28E6E924-BC59-4124-9EB1-F02A57C7A7E3}.Debug|x86.ActiveCfg = Debug|Any CPU
		{28E6E924-BC59-4124-9EB1-F02A57C7A7E3}.Debug|x86.Build.0 = Debug|Any CPU
		{28E6E924-BC59-4124-9EB1-F02A57C7A7E3}.Release|Any CPU.ActiveCfg = Release|Any CPU
		{28E6E924-BC59-4124-9EB1-F02A57C7A7E3}.Release|Any CPU.Build.0 = Release|Any CPU
		{28E6E924-BC59-4124-9EB1-F02A57C7A7E3}.Release|x64.ActiveCfg = Release|Any CPU
		{28E6E924-BC59-4124-9EB1-F02A57C7A7E3}.Release|x64.Build.0 = Release|Any CPU
		{28E6E924-BC59-4124-9EB1-F02A57C7A7E3}.Release|x86.ActiveCfg = Release|Any CPU
		{28E6E924-BC59-4124-9EB1-F02A57C7A7E3}.Release|x86.Build.0 = Release|Any CPU
		{1F42B6A4-FAB1-4E49-B984-6FEA213C6D92}.Debug|Any CPU.ActiveCfg = Debug|Any CPU
		{1F42B6A4-FAB1-4E49-B984-6FEA213C6D92}.Debug|Any CPU.Build.0 = Debug|Any CPU
		{1F42B6A4-FAB1-4E49-B984-6FEA213C6D92}.Debug|x64.ActiveCfg = Debug|Any CPU
		{1F42B6A4-FAB1-4E49-B984-6FEA213C6D92}.Debug|x64.Build.0 = Debug|Any CPU
		{1F42B6A4-FAB1-4E49-B984-6FEA213C6D92}.Debug|x86.ActiveCfg = Debug|Any CPU
		{1F42B6A4-FAB1-4E49-B984-6FEA213C6D92}.Debug|x86.Build.0 = Debug|Any CPU
		{1F42B6A4-FAB1-4E49-B984-6FEA213C6D92}.Release|Any CPU.ActiveCfg = Release|Any CPU
		{1F42B6A4-FAB1-4E49-B984-6FEA213C6D92}.Release|Any CPU.Build.0 = Release|Any CPU
		{1F42B6A4-FAB1-4E49-B984-6FEA213C6D92}.Release|x64.ActiveCfg = Release|Any CPU
		{1F42B6A4-FAB1-4E49-B984-6FEA213C6D92}.Release|x64.Build.0 = Release|Any CPU
		{1F42B6A4-FAB1-4E49-B984-6FEA213C6D92}.Release|x86.ActiveCfg = Release|Any CPU
		{1F42B6A4-FAB1-4E49-B984-6FEA213C6D92}.Release|x86.Build.0 = Release|Any CPU
		{89242BED-0913-4B7A-8C3A-8333B01EE9E9}.Debug|Any CPU.ActiveCfg = Debug|Any CPU
		{89242BED-0913-4B7A-8C3A-8333B01EE9E9}.Debug|Any CPU.Build.0 = Debug|Any CPU
		{89242BED-0913-4B7A-8C3A-8333B01EE9E9}.Debug|x64.ActiveCfg = Debug|Any CPU
		{89242BED-0913-4B7A-8C3A-8333B01EE9E9}.Debug|x64.Build.0 = Debug|Any CPU
		{89242BED-0913-4B7A-8C3A-8333B01EE9E9}.Debug|x86.ActiveCfg = Debug|Any CPU
		{89242BED-0913-4B7A-8C3A-8333B01EE9E9}.Debug|x86.Build.0 = Debug|Any CPU
		{89242BED-0913-4B7A-8C3A-8333B01EE9E9}.Release|Any CPU.ActiveCfg = Release|Any CPU
		{89242BED-0913-4B7A-8C3A-8333B01EE9E9}.Release|Any CPU.Build.0 = Release|Any CPU
		{89242BED-0913-4B7A-8C3A-8333B01EE9E9}.Release|x64.ActiveCfg = Release|Any CPU
		{89242BED-0913-4B7A-8C3A-8333B01EE9E9}.Release|x64.Build.0 = Release|Any CPU
		{89242BED-0913-4B7A-8C3A-8333B01EE9E9}.Release|x86.ActiveCfg = Release|Any CPU
		{89242BED-0913-4B7A-8C3A-8333B01EE9E9}.Release|x86.Build.0 = Release|Any CPU
		{68750828-29F8-4CB4-AF7B-0F48305FA06D}.Debug|Any CPU.ActiveCfg = Debug|Any CPU
		{68750828-29F8-4CB4-AF7B-0F48305FA06D}.Debug|Any CPU.Build.0 = Debug|Any CPU
		{68750828-29F8-4CB4-AF7B-0F48305FA06D}.Debug|x64.ActiveCfg = Debug|Any CPU
		{68750828-29F8-4CB4-AF7B-0F48305FA06D}.Debug|x64.Build.0 = Debug|Any CPU
		{68750828-29F8-4CB4-AF7B-0F48305FA06D}.Debug|x86.ActiveCfg = Debug|Any CPU
		{68750828-29F8-4CB4-AF7B-0F48305FA06D}.Debug|x86.Build.0 = Debug|Any CPU
		{68750828-29F8-4CB4-AF7B-0F48305FA06D}.Release|Any CPU.ActiveCfg = Release|Any CPU
		{68750828-29F8-4CB4-AF7B-0F48305FA06D}.Release|Any CPU.Build.0 = Release|Any CPU
		{68750828-29F8-4CB4-AF7B-0F48305FA06D}.Release|x64.ActiveCfg = Release|Any CPU
		{68750828-29F8-4CB4-AF7B-0F48305FA06D}.Release|x64.Build.0 = Release|Any CPU
		{68750828-29F8-4CB4-AF7B-0F48305FA06D}.Release|x86.ActiveCfg = Release|Any CPU
		{68750828-29F8-4CB4-AF7B-0F48305FA06D}.Release|x86.Build.0 = Release|Any CPU
		{FDA33F17-5D5F-4651-917A-19E6CD804AB2}.Debug|Any CPU.ActiveCfg = Debug|Any CPU
		{FDA33F17-5D5F-4651-917A-19E6CD804AB2}.Debug|Any CPU.Build.0 = Debug|Any CPU
		{FDA33F17-5D5F-4651-917A-19E6CD804AB2}.Debug|x64.ActiveCfg = Debug|Any CPU
		{FDA33F17-5D5F-4651-917A-19E6CD804AB2}.Debug|x64.Build.0 = Debug|Any CPU
		{FDA33F17-5D5F-4651-917A-19E6CD804AB2}.Debug|x86.ActiveCfg = Debug|Any CPU
		{FDA33F17-5D5F-4651-917A-19E6CD804AB2}.Debug|x86.Build.0 = Debug|Any CPU
		{FDA33F17-5D5F-4651-917A-19E6CD804AB2}.Release|Any CPU.ActiveCfg = Release|Any CPU
		{FDA33F17-5D5F-4651-917A-19E6CD804AB2}.Release|Any CPU.Build.0 = Release|Any CPU
		{FDA33F17-5D5F-4651-917A-19E6CD804AB2}.Release|x64.ActiveCfg = Release|Any CPU
		{FDA33F17-5D5F-4651-917A-19E6CD804AB2}.Release|x64.Build.0 = Release|Any CPU
		{FDA33F17-5D5F-4651-917A-19E6CD804AB2}.Release|x86.ActiveCfg = Release|Any CPU
		{FDA33F17-5D5F-4651-917A-19E6CD804AB2}.Release|x86.Build.0 = Release|Any CPU
		{C044AEDA-BE98-46A0-8357-EA06B7776C19}.Debug|Any CPU.ActiveCfg = Debug|Any CPU
		{C044AEDA-BE98-46A0-8357-EA06B7776C19}.Debug|Any CPU.Build.0 = Debug|Any CPU
		{C044AEDA-BE98-46A0-8357-EA06B7776C19}.Debug|x64.ActiveCfg = Debug|Any CPU
		{C044AEDA-BE98-46A0-8357-EA06B7776C19}.Debug|x64.Build.0 = Debug|Any CPU
		{C044AEDA-BE98-46A0-8357-EA06B7776C19}.Debug|x86.ActiveCfg = Debug|Any CPU
		{C044AEDA-BE98-46A0-8357-EA06B7776C19}.Debug|x86.Build.0 = Debug|Any CPU
		{C044AEDA-BE98-46A0-8357-EA06B7776C19}.Release|Any CPU.ActiveCfg = Release|Any CPU
		{C044AEDA-BE98-46A0-8357-EA06B7776C19}.Release|Any CPU.Build.0 = Release|Any CPU
		{C044AEDA-BE98-46A0-8357-EA06B7776C19}.Release|x64.ActiveCfg = Release|Any CPU
		{C044AEDA-BE98-46A0-8357-EA06B7776C19}.Release|x64.Build.0 = Release|Any CPU
		{C044AEDA-BE98-46A0-8357-EA06B7776C19}.Release|x86.ActiveCfg = Release|Any CPU
		{C044AEDA-BE98-46A0-8357-EA06B7776C19}.Release|x86.Build.0 = Release|Any CPU
		{8D5A8F2A-50EF-42A2-90F5-499CED9D6281}.Debug|Any CPU.ActiveCfg = Debug|Any CPU
		{8D5A8F2A-50EF-42A2-90F5-499CED9D6281}.Debug|Any CPU.Build.0 = Debug|Any CPU
		{8D5A8F2A-50EF-42A2-90F5-499CED9D6281}.Debug|x64.ActiveCfg = Debug|Any CPU
		{8D5A8F2A-50EF-42A2-90F5-499CED9D6281}.Debug|x64.Build.0 = Debug|Any CPU
		{8D5A8F2A-50EF-42A2-90F5-499CED9D6281}.Debug|x86.ActiveCfg = Debug|Any CPU
		{8D5A8F2A-50EF-42A2-90F5-499CED9D6281}.Debug|x86.Build.0 = Debug|Any CPU
		{8D5A8F2A-50EF-42A2-90F5-499CED9D6281}.Release|Any CPU.ActiveCfg = Release|Any CPU
		{8D5A8F2A-50EF-42A2-90F5-499CED9D6281}.Release|Any CPU.Build.0 = Release|Any CPU
		{8D5A8F2A-50EF-42A2-90F5-499CED9D6281}.Release|x64.ActiveCfg = Release|Any CPU
		{8D5A8F2A-50EF-42A2-90F5-499CED9D6281}.Release|x64.Build.0 = Release|Any CPU
		{8D5A8F2A-50EF-42A2-90F5-499CED9D6281}.Release|x86.ActiveCfg = Release|Any CPU
		{8D5A8F2A-50EF-42A2-90F5-499CED9D6281}.Release|x86.Build.0 = Release|Any CPU
		{78F2E1B7-2005-4C7C-A825-8638C7693D4E}.Debug|Any CPU.ActiveCfg = Debug|Any CPU
		{78F2E1B7-2005-4C7C-A825-8638C7693D4E}.Debug|Any CPU.Build.0 = Debug|Any CPU
		{78F2E1B7-2005-4C7C-A825-8638C7693D4E}.Debug|x64.ActiveCfg = Debug|Any CPU
		{78F2E1B7-2005-4C7C-A825-8638C7693D4E}.Debug|x64.Build.0 = Debug|Any CPU
		{78F2E1B7-2005-4C7C-A825-8638C7693D4E}.Debug|x86.ActiveCfg = Debug|Any CPU
		{78F2E1B7-2005-4C7C-A825-8638C7693D4E}.Debug|x86.Build.0 = Debug|Any CPU
		{78F2E1B7-2005-4C7C-A825-8638C7693D4E}.Release|Any CPU.ActiveCfg = Release|Any CPU
		{78F2E1B7-2005-4C7C-A825-8638C7693D4E}.Release|Any CPU.Build.0 = Release|Any CPU
		{78F2E1B7-2005-4C7C-A825-8638C7693D4E}.Release|x64.ActiveCfg = Release|Any CPU
		{78F2E1B7-2005-4C7C-A825-8638C7693D4E}.Release|x64.Build.0 = Release|Any CPU
		{78F2E1B7-2005-4C7C-A825-8638C7693D4E}.Release|x86.ActiveCfg = Release|Any CPU
		{78F2E1B7-2005-4C7C-A825-8638C7693D4E}.Release|x86.Build.0 = Release|Any CPU
		{B16CA099-DFCE-47EF-B0E8-8B19E5A9D1FF}.Debug|Any CPU.ActiveCfg = Debug|Any CPU
		{B16CA099-DFCE-47EF-B0E8-8B19E5A9D1FF}.Debug|Any CPU.Build.0 = Debug|Any CPU
		{B16CA099-DFCE-47EF-B0E8-8B19E5A9D1FF}.Debug|x64.ActiveCfg = Debug|Any CPU
		{B16CA099-DFCE-47EF-B0E8-8B19E5A9D1FF}.Debug|x64.Build.0 = Debug|Any CPU
		{B16CA099-DFCE-47EF-B0E8-8B19E5A9D1FF}.Debug|x86.ActiveCfg = Debug|Any CPU
		{B16CA099-DFCE-47EF-B0E8-8B19E5A9D1FF}.Debug|x86.Build.0 = Debug|Any CPU
		{B16CA099-DFCE-47EF-B0E8-8B19E5A9D1FF}.Release|Any CPU.ActiveCfg = Release|Any CPU
		{B16CA099-DFCE-47EF-B0E8-8B19E5A9D1FF}.Release|Any CPU.Build.0 = Release|Any CPU
		{B16CA099-DFCE-47EF-B0E8-8B19E5A9D1FF}.Release|x64.ActiveCfg = Release|Any CPU
		{B16CA099-DFCE-47EF-B0E8-8B19E5A9D1FF}.Release|x64.Build.0 = Release|Any CPU
		{B16CA099-DFCE-47EF-B0E8-8B19E5A9D1FF}.Release|x86.ActiveCfg = Release|Any CPU
		{B16CA099-DFCE-47EF-B0E8-8B19E5A9D1FF}.Release|x86.Build.0 = Release|Any CPU
		{9AEF4D1D-2871-4CA6-AA33-E2A019E0CE0A}.Debug|Any CPU.ActiveCfg = Debug|Any CPU
		{9AEF4D1D-2871-4CA6-AA33-E2A019E0CE0A}.Debug|Any CPU.Build.0 = Debug|Any CPU
		{9AEF4D1D-2871-4CA6-AA33-E2A019E0CE0A}.Debug|x64.ActiveCfg = Debug|Any CPU
		{9AEF4D1D-2871-4CA6-AA33-E2A019E0CE0A}.Debug|x64.Build.0 = Debug|Any CPU
		{9AEF4D1D-2871-4CA6-AA33-E2A019E0CE0A}.Debug|x86.ActiveCfg = Debug|Any CPU
		{9AEF4D1D-2871-4CA6-AA33-E2A019E0CE0A}.Debug|x86.Build.0 = Debug|Any CPU
		{9AEF4D1D-2871-4CA6-AA33-E2A019E0CE0A}.Release|Any CPU.ActiveCfg = Release|Any CPU
		{9AEF4D1D-2871-4CA6-AA33-E2A019E0CE0A}.Release|Any CPU.Build.0 = Release|Any CPU
		{9AEF4D1D-2871-4CA6-AA33-E2A019E0CE0A}.Release|x64.ActiveCfg = Release|Any CPU
		{9AEF4D1D-2871-4CA6-AA33-E2A019E0CE0A}.Release|x64.Build.0 = Release|Any CPU
		{9AEF4D1D-2871-4CA6-AA33-E2A019E0CE0A}.Release|x86.ActiveCfg = Release|Any CPU
		{9AEF4D1D-2871-4CA6-AA33-E2A019E0CE0A}.Release|x86.Build.0 = Release|Any CPU
		{90F3AA90-3C48-4C01-9E4D-E58BA5E78AC7}.Debug|Any CPU.ActiveCfg = Debug|Any CPU
		{90F3AA90-3C48-4C01-9E4D-E58BA5E78AC7}.Debug|Any CPU.Build.0 = Debug|Any CPU
		{90F3AA90-3C48-4C01-9E4D-E58BA5E78AC7}.Debug|x64.ActiveCfg = Debug|Any CPU
		{90F3AA90-3C48-4C01-9E4D-E58BA5E78AC7}.Debug|x64.Build.0 = Debug|Any CPU
		{90F3AA90-3C48-4C01-9E4D-E58BA5E78AC7}.Debug|x86.ActiveCfg = Debug|Any CPU
		{90F3AA90-3C48-4C01-9E4D-E58BA5E78AC7}.Debug|x86.Build.0 = Debug|Any CPU
		{90F3AA90-3C48-4C01-9E4D-E58BA5E78AC7}.Release|Any CPU.ActiveCfg = Release|Any CPU
		{90F3AA90-3C48-4C01-9E4D-E58BA5E78AC7}.Release|Any CPU.Build.0 = Release|Any CPU
		{90F3AA90-3C48-4C01-9E4D-E58BA5E78AC7}.Release|x64.ActiveCfg = Release|Any CPU
		{90F3AA90-3C48-4C01-9E4D-E58BA5E78AC7}.Release|x64.Build.0 = Release|Any CPU
		{90F3AA90-3C48-4C01-9E4D-E58BA5E78AC7}.Release|x86.ActiveCfg = Release|Any CPU
		{90F3AA90-3C48-4C01-9E4D-E58BA5E78AC7}.Release|x86.Build.0 = Release|Any CPU
		{8C70CDAD-B234-4868-BC36-831A0E48EC04}.Debug|Any CPU.ActiveCfg = Debug|Any CPU
		{8C70CDAD-B234-4868-BC36-831A0E48EC04}.Debug|x64.ActiveCfg = Debug|Any CPU
		{8C70CDAD-B234-4868-BC36-831A0E48EC04}.Debug|x64.Build.0 = Debug|Any CPU
		{8C70CDAD-B234-4868-BC36-831A0E48EC04}.Debug|x86.ActiveCfg = Debug|Any CPU
		{8C70CDAD-B234-4868-BC36-831A0E48EC04}.Debug|x86.Build.0 = Debug|Any CPU
		{8C70CDAD-B234-4868-BC36-831A0E48EC04}.Release|Any CPU.ActiveCfg = Release|Any CPU
		{8C70CDAD-B234-4868-BC36-831A0E48EC04}.Release|x64.ActiveCfg = Release|Any CPU
		{8C70CDAD-B234-4868-BC36-831A0E48EC04}.Release|x64.Build.0 = Release|Any CPU
		{8C70CDAD-B234-4868-BC36-831A0E48EC04}.Release|x86.ActiveCfg = Release|Any CPU
		{8C70CDAD-B234-4868-BC36-831A0E48EC04}.Release|x86.Build.0 = Release|Any CPU
		{952EB45A-D03D-482B-9C04-871A6AC1CD7F}.Debug|Any CPU.ActiveCfg = Debug|Any CPU
		{952EB45A-D03D-482B-9C04-871A6AC1CD7F}.Debug|Any CPU.Build.0 = Debug|Any CPU
		{952EB45A-D03D-482B-9C04-871A6AC1CD7F}.Debug|x64.ActiveCfg = Debug|Any CPU
		{952EB45A-D03D-482B-9C04-871A6AC1CD7F}.Debug|x64.Build.0 = Debug|Any CPU
		{952EB45A-D03D-482B-9C04-871A6AC1CD7F}.Debug|x86.ActiveCfg = Debug|Any CPU
		{952EB45A-D03D-482B-9C04-871A6AC1CD7F}.Debug|x86.Build.0 = Debug|Any CPU
		{952EB45A-D03D-482B-9C04-871A6AC1CD7F}.Release|Any CPU.ActiveCfg = Release|Any CPU
		{952EB45A-D03D-482B-9C04-871A6AC1CD7F}.Release|Any CPU.Build.0 = Release|Any CPU
		{952EB45A-D03D-482B-9C04-871A6AC1CD7F}.Release|x64.ActiveCfg = Release|Any CPU
		{952EB45A-D03D-482B-9C04-871A6AC1CD7F}.Release|x64.Build.0 = Release|Any CPU
		{952EB45A-D03D-482B-9C04-871A6AC1CD7F}.Release|x86.ActiveCfg = Release|Any CPU
		{952EB45A-D03D-482B-9C04-871A6AC1CD7F}.Release|x86.Build.0 = Release|Any CPU
		{115B7A5E-9FF2-46FF-B6F7-FFE16219D901}.Debug|Any CPU.ActiveCfg = Debug|Any CPU
		{115B7A5E-9FF2-46FF-B6F7-FFE16219D901}.Debug|Any CPU.Build.0 = Debug|Any CPU
		{115B7A5E-9FF2-46FF-B6F7-FFE16219D901}.Debug|x64.ActiveCfg = Debug|Any CPU
		{115B7A5E-9FF2-46FF-B6F7-FFE16219D901}.Debug|x64.Build.0 = Debug|Any CPU
		{115B7A5E-9FF2-46FF-B6F7-FFE16219D901}.Debug|x86.ActiveCfg = Debug|Any CPU
		{115B7A5E-9FF2-46FF-B6F7-FFE16219D901}.Debug|x86.Build.0 = Debug|Any CPU
		{115B7A5E-9FF2-46FF-B6F7-FFE16219D901}.Release|Any CPU.ActiveCfg = Release|Any CPU
		{115B7A5E-9FF2-46FF-B6F7-FFE16219D901}.Release|Any CPU.Build.0 = Release|Any CPU
		{115B7A5E-9FF2-46FF-B6F7-FFE16219D901}.Release|x64.ActiveCfg = Release|Any CPU
		{115B7A5E-9FF2-46FF-B6F7-FFE16219D901}.Release|x64.Build.0 = Release|Any CPU
		{115B7A5E-9FF2-46FF-B6F7-FFE16219D901}.Release|x86.ActiveCfg = Release|Any CPU
		{115B7A5E-9FF2-46FF-B6F7-FFE16219D901}.Release|x86.Build.0 = Release|Any CPU
		{CDD860EE-E357-44D7-955D-2B07EE74DDA2}.Debug|Any CPU.ActiveCfg = Debug|Any CPU
		{CDD860EE-E357-44D7-955D-2B07EE74DDA2}.Debug|Any CPU.Build.0 = Debug|Any CPU
		{CDD860EE-E357-44D7-955D-2B07EE74DDA2}.Debug|x64.ActiveCfg = Debug|Any CPU
		{CDD860EE-E357-44D7-955D-2B07EE74DDA2}.Debug|x64.Build.0 = Debug|Any CPU
		{CDD860EE-E357-44D7-955D-2B07EE74DDA2}.Debug|x86.ActiveCfg = Debug|Any CPU
		{CDD860EE-E357-44D7-955D-2B07EE74DDA2}.Debug|x86.Build.0 = Debug|Any CPU
		{CDD860EE-E357-44D7-955D-2B07EE74DDA2}.Release|Any CPU.ActiveCfg = Release|Any CPU
		{CDD860EE-E357-44D7-955D-2B07EE74DDA2}.Release|Any CPU.Build.0 = Release|Any CPU
		{CDD860EE-E357-44D7-955D-2B07EE74DDA2}.Release|x64.ActiveCfg = Release|Any CPU
		{CDD860EE-E357-44D7-955D-2B07EE74DDA2}.Release|x64.Build.0 = Release|Any CPU
		{CDD860EE-E357-44D7-955D-2B07EE74DDA2}.Release|x86.ActiveCfg = Release|Any CPU
		{CDD860EE-E357-44D7-955D-2B07EE74DDA2}.Release|x86.Build.0 = Release|Any CPU
		{7B683C49-2F8C-4CA8-86A7-0BAAD5A2D6B8}.Debug|Any CPU.ActiveCfg = Debug|Any CPU
		{7B683C49-2F8C-4CA8-86A7-0BAAD5A2D6B8}.Debug|Any CPU.Build.0 = Debug|Any CPU
		{7B683C49-2F8C-4CA8-86A7-0BAAD5A2D6B8}.Debug|x64.ActiveCfg = Debug|Any CPU
		{7B683C49-2F8C-4CA8-86A7-0BAAD5A2D6B8}.Debug|x64.Build.0 = Debug|Any CPU
		{7B683C49-2F8C-4CA8-86A7-0BAAD5A2D6B8}.Debug|x86.ActiveCfg = Debug|Any CPU
		{7B683C49-2F8C-4CA8-86A7-0BAAD5A2D6B8}.Debug|x86.Build.0 = Debug|Any CPU
		{7B683C49-2F8C-4CA8-86A7-0BAAD5A2D6B8}.Release|Any CPU.ActiveCfg = Release|Any CPU
		{7B683C49-2F8C-4CA8-86A7-0BAAD5A2D6B8}.Release|Any CPU.Build.0 = Release|Any CPU
		{7B683C49-2F8C-4CA8-86A7-0BAAD5A2D6B8}.Release|x64.ActiveCfg = Release|Any CPU
		{7B683C49-2F8C-4CA8-86A7-0BAAD5A2D6B8}.Release|x64.Build.0 = Release|Any CPU
		{7B683C49-2F8C-4CA8-86A7-0BAAD5A2D6B8}.Release|x86.ActiveCfg = Release|Any CPU
		{7B683C49-2F8C-4CA8-86A7-0BAAD5A2D6B8}.Release|x86.Build.0 = Release|Any CPU
		{3E93A198-0DCB-4BBC-A169-118703DF5614}.Debug|Any CPU.ActiveCfg = Debug|Any CPU
		{3E93A198-0DCB-4BBC-A169-118703DF5614}.Debug|Any CPU.Build.0 = Debug|Any CPU
		{3E93A198-0DCB-4BBC-A169-118703DF5614}.Debug|x64.ActiveCfg = Debug|Any CPU
		{3E93A198-0DCB-4BBC-A169-118703DF5614}.Debug|x64.Build.0 = Debug|Any CPU
		{3E93A198-0DCB-4BBC-A169-118703DF5614}.Debug|x86.ActiveCfg = Debug|Any CPU
		{3E93A198-0DCB-4BBC-A169-118703DF5614}.Debug|x86.Build.0 = Debug|Any CPU
		{3E93A198-0DCB-4BBC-A169-118703DF5614}.Release|Any CPU.ActiveCfg = Release|Any CPU
		{3E93A198-0DCB-4BBC-A169-118703DF5614}.Release|Any CPU.Build.0 = Release|Any CPU
		{3E93A198-0DCB-4BBC-A169-118703DF5614}.Release|x64.ActiveCfg = Release|Any CPU
		{3E93A198-0DCB-4BBC-A169-118703DF5614}.Release|x64.Build.0 = Release|Any CPU
		{3E93A198-0DCB-4BBC-A169-118703DF5614}.Release|x86.ActiveCfg = Release|Any CPU
		{3E93A198-0DCB-4BBC-A169-118703DF5614}.Release|x86.Build.0 = Release|Any CPU
		{7E255661-2E15-439A-B1B9-CB0CF52C7079}.Debug|Any CPU.ActiveCfg = Debug|Any CPU
		{7E255661-2E15-439A-B1B9-CB0CF52C7079}.Debug|Any CPU.Build.0 = Debug|Any CPU
		{7E255661-2E15-439A-B1B9-CB0CF52C7079}.Debug|x64.ActiveCfg = Debug|Any CPU
		{7E255661-2E15-439A-B1B9-CB0CF52C7079}.Debug|x64.Build.0 = Debug|Any CPU
		{7E255661-2E15-439A-B1B9-CB0CF52C7079}.Debug|x86.ActiveCfg = Debug|Any CPU
		{7E255661-2E15-439A-B1B9-CB0CF52C7079}.Debug|x86.Build.0 = Debug|Any CPU
		{7E255661-2E15-439A-B1B9-CB0CF52C7079}.Release|Any CPU.ActiveCfg = Release|Any CPU
		{7E255661-2E15-439A-B1B9-CB0CF52C7079}.Release|Any CPU.Build.0 = Release|Any CPU
		{7E255661-2E15-439A-B1B9-CB0CF52C7079}.Release|x64.ActiveCfg = Release|Any CPU
		{7E255661-2E15-439A-B1B9-CB0CF52C7079}.Release|x64.Build.0 = Release|Any CPU
		{7E255661-2E15-439A-B1B9-CB0CF52C7079}.Release|x86.ActiveCfg = Release|Any CPU
		{7E255661-2E15-439A-B1B9-CB0CF52C7079}.Release|x86.Build.0 = Release|Any CPU
		{566BBE4C-1ADF-425C-BF31-44A495131C09}.Debug|Any CPU.ActiveCfg = Debug|Any CPU
		{566BBE4C-1ADF-425C-BF31-44A495131C09}.Debug|Any CPU.Build.0 = Debug|Any CPU
		{566BBE4C-1ADF-425C-BF31-44A495131C09}.Debug|x64.ActiveCfg = Debug|Any CPU
		{566BBE4C-1ADF-425C-BF31-44A495131C09}.Debug|x64.Build.0 = Debug|Any CPU
		{566BBE4C-1ADF-425C-BF31-44A495131C09}.Debug|x86.ActiveCfg = Debug|Any CPU
		{566BBE4C-1ADF-425C-BF31-44A495131C09}.Debug|x86.Build.0 = Debug|Any CPU
		{566BBE4C-1ADF-425C-BF31-44A495131C09}.Release|Any CPU.ActiveCfg = Release|Any CPU
		{566BBE4C-1ADF-425C-BF31-44A495131C09}.Release|Any CPU.Build.0 = Release|Any CPU
		{566BBE4C-1ADF-425C-BF31-44A495131C09}.Release|x64.ActiveCfg = Release|Any CPU
		{566BBE4C-1ADF-425C-BF31-44A495131C09}.Release|x64.Build.0 = Release|Any CPU
		{566BBE4C-1ADF-425C-BF31-44A495131C09}.Release|x86.ActiveCfg = Release|Any CPU
		{566BBE4C-1ADF-425C-BF31-44A495131C09}.Release|x86.Build.0 = Release|Any CPU
		{DD94F85D-84A5-430F-96FE-55B8D702A2FE}.Debug|Any CPU.ActiveCfg = Debug|Any CPU
		{DD94F85D-84A5-430F-96FE-55B8D702A2FE}.Debug|Any CPU.Build.0 = Debug|Any CPU
		{DD94F85D-84A5-430F-96FE-55B8D702A2FE}.Debug|x64.ActiveCfg = Debug|Any CPU
		{DD94F85D-84A5-430F-96FE-55B8D702A2FE}.Debug|x64.Build.0 = Debug|Any CPU
		{DD94F85D-84A5-430F-96FE-55B8D702A2FE}.Debug|x86.ActiveCfg = Debug|Any CPU
		{DD94F85D-84A5-430F-96FE-55B8D702A2FE}.Debug|x86.Build.0 = Debug|Any CPU
		{DD94F85D-84A5-430F-96FE-55B8D702A2FE}.Release|Any CPU.ActiveCfg = Release|Any CPU
		{DD94F85D-84A5-430F-96FE-55B8D702A2FE}.Release|Any CPU.Build.0 = Release|Any CPU
		{DD94F85D-84A5-430F-96FE-55B8D702A2FE}.Release|x64.ActiveCfg = Release|Any CPU
		{DD94F85D-84A5-430F-96FE-55B8D702A2FE}.Release|x64.Build.0 = Release|Any CPU
		{DD94F85D-84A5-430F-96FE-55B8D702A2FE}.Release|x86.ActiveCfg = Release|Any CPU
		{DD94F85D-84A5-430F-96FE-55B8D702A2FE}.Release|x86.Build.0 = Release|Any CPU
		{C313F9B2-CD0A-4C07-B765-DD9F05B51516}.Debug|Any CPU.ActiveCfg = Debug|Any CPU
		{C313F9B2-CD0A-4C07-B765-DD9F05B51516}.Debug|Any CPU.Build.0 = Debug|Any CPU
		{C313F9B2-CD0A-4C07-B765-DD9F05B51516}.Debug|x64.ActiveCfg = Debug|Any CPU
		{C313F9B2-CD0A-4C07-B765-DD9F05B51516}.Debug|x64.Build.0 = Debug|Any CPU
		{C313F9B2-CD0A-4C07-B765-DD9F05B51516}.Debug|x86.ActiveCfg = Debug|Any CPU
		{C313F9B2-CD0A-4C07-B765-DD9F05B51516}.Debug|x86.Build.0 = Debug|Any CPU
		{C313F9B2-CD0A-4C07-B765-DD9F05B51516}.Release|Any CPU.ActiveCfg = Release|Any CPU
		{C313F9B2-CD0A-4C07-B765-DD9F05B51516}.Release|Any CPU.Build.0 = Release|Any CPU
		{C313F9B2-CD0A-4C07-B765-DD9F05B51516}.Release|x64.ActiveCfg = Release|Any CPU
		{C313F9B2-CD0A-4C07-B765-DD9F05B51516}.Release|x64.Build.0 = Release|Any CPU
		{C313F9B2-CD0A-4C07-B765-DD9F05B51516}.Release|x86.ActiveCfg = Release|Any CPU
		{C313F9B2-CD0A-4C07-B765-DD9F05B51516}.Release|x86.Build.0 = Release|Any CPU
		{A0CDF5B6-49EB-49D4-A394-B20E5A0A4F4A}.Debug|Any CPU.ActiveCfg = Debug|Any CPU
		{A0CDF5B6-49EB-49D4-A394-B20E5A0A4F4A}.Debug|Any CPU.Build.0 = Debug|Any CPU
		{A0CDF5B6-49EB-49D4-A394-B20E5A0A4F4A}.Debug|x64.ActiveCfg = Debug|Any CPU
		{A0CDF5B6-49EB-49D4-A394-B20E5A0A4F4A}.Debug|x64.Build.0 = Debug|Any CPU
		{A0CDF5B6-49EB-49D4-A394-B20E5A0A4F4A}.Debug|x86.ActiveCfg = Debug|Any CPU
		{A0CDF5B6-49EB-49D4-A394-B20E5A0A4F4A}.Debug|x86.Build.0 = Debug|Any CPU
		{A0CDF5B6-49EB-49D4-A394-B20E5A0A4F4A}.Release|Any CPU.ActiveCfg = Release|Any CPU
		{A0CDF5B6-49EB-49D4-A394-B20E5A0A4F4A}.Release|Any CPU.Build.0 = Release|Any CPU
		{A0CDF5B6-49EB-49D4-A394-B20E5A0A4F4A}.Release|x64.ActiveCfg = Release|Any CPU
		{A0CDF5B6-49EB-49D4-A394-B20E5A0A4F4A}.Release|x64.Build.0 = Release|Any CPU
		{A0CDF5B6-49EB-49D4-A394-B20E5A0A4F4A}.Release|x86.ActiveCfg = Release|Any CPU
		{A0CDF5B6-49EB-49D4-A394-B20E5A0A4F4A}.Release|x86.Build.0 = Release|Any CPU
		{22986263-0BAD-4D78-9EE4-641F6534B050}.Debug|Any CPU.ActiveCfg = Debug|Any CPU
		{22986263-0BAD-4D78-9EE4-641F6534B050}.Debug|Any CPU.Build.0 = Debug|Any CPU
		{22986263-0BAD-4D78-9EE4-641F6534B050}.Debug|x64.ActiveCfg = Debug|Any CPU
		{22986263-0BAD-4D78-9EE4-641F6534B050}.Debug|x64.Build.0 = Debug|Any CPU
		{22986263-0BAD-4D78-9EE4-641F6534B050}.Debug|x86.ActiveCfg = Debug|Any CPU
		{22986263-0BAD-4D78-9EE4-641F6534B050}.Debug|x86.Build.0 = Debug|Any CPU
		{22986263-0BAD-4D78-9EE4-641F6534B050}.Release|Any CPU.ActiveCfg = Release|Any CPU
		{22986263-0BAD-4D78-9EE4-641F6534B050}.Release|Any CPU.Build.0 = Release|Any CPU
		{22986263-0BAD-4D78-9EE4-641F6534B050}.Release|x64.ActiveCfg = Release|Any CPU
		{22986263-0BAD-4D78-9EE4-641F6534B050}.Release|x64.Build.0 = Release|Any CPU
		{22986263-0BAD-4D78-9EE4-641F6534B050}.Release|x86.ActiveCfg = Release|Any CPU
		{22986263-0BAD-4D78-9EE4-641F6534B050}.Release|x86.Build.0 = Release|Any CPU
	EndGlobalSection
	GlobalSection(SolutionProperties) = preSolution
		HideSolutionNode = FALSE
	EndGlobalSection
	GlobalSection(NestedProjects) = preSolution
		{D51AAF5A-7429-4A04-BDC7-255DEF9FE366} = {49B7A61F-B3BE-485E-84D0-B78C08656412}
		{352E860C-8B14-477B-AAA4-DA73A82DD461} = {49B7A61F-B3BE-485E-84D0-B78C08656412}
		{25067838-7895-43C2-A1E5-BFBD7F398912} = {49B7A61F-B3BE-485E-84D0-B78C08656412}
		{DE4EC9B6-86E3-4E9C-B260-600DAEDE9E12} = {8E178A6E-EAA5-413A-9EBE-36557DFF288E}
		{C81398F8-AD50-4179-A0EC-2566EF978F1E} = {4D861CF0-7989-4E65-8F7C-B802B5D1AD86}
		{6D8576F4-6694-4704-9439-EBFE9652A140} = {4EAF5E91-8489-43BE-8B06-4E1F09DF8B2B}
		{5881A6EB-E702-4A4E-9F0A-6B4B91FE34B6} = {16BB0B43-6224-42C2-9A33-A039348CF965}
		{292B1A29-4ADE-49CB-BDE3-20759AB20E37} = {8E178A6E-EAA5-413A-9EBE-36557DFF288E}
		{AD3E7BA2-4B2F-47FD-BA0C-DB4EF83BB05D} = {FBD15674-246A-4C57-B865-07214D8BB9A1}
		{4CE3F6B7-4F87-454F-B590-85037D5BE085} = {FBD15674-246A-4C57-B865-07214D8BB9A1}
		{77C85584-ABF2-4750-BB85-8CE49EDC65FF} = {FBD15674-246A-4C57-B865-07214D8BB9A1}
		{28E6E924-BC59-4124-9EB1-F02A57C7A7E3} = {16BB0B43-6224-42C2-9A33-A039348CF965}
		{1F42B6A4-FAB1-4E49-B984-6FEA213C6D92} = {16BB0B43-6224-42C2-9A33-A039348CF965}
		{89242BED-0913-4B7A-8C3A-8333B01EE9E9} = {16BB0B43-6224-42C2-9A33-A039348CF965}
		{86D5767F-B32D-4E1B-BBA2-B87A0DEC6C6F} = {4D861CF0-7989-4E65-8F7C-B802B5D1AD86}
		{68750828-29F8-4CB4-AF7B-0F48305FA06D} = {8E178A6E-EAA5-413A-9EBE-36557DFF288E}
		{FDA33F17-5D5F-4651-917A-19E6CD804AB2} = {FBD15674-246A-4C57-B865-07214D8BB9A1}
		{C044AEDA-BE98-46A0-8357-EA06B7776C19} = {FD0D8E05-2E14-4898-ACBC-665F0DDFF328}
		{8D5A8F2A-50EF-42A2-90F5-499CED9D6281} = {FD0D8E05-2E14-4898-ACBC-665F0DDFF328}
		{78F2E1B7-2005-4C7C-A825-8638C7693D4E} = {FD0D8E05-2E14-4898-ACBC-665F0DDFF328}
		{B16CA099-DFCE-47EF-B0E8-8B19E5A9D1FF} = {49B7A61F-B3BE-485E-84D0-B78C08656412}
		{1E86524C-DF07-4BD1-92C6-843ABA8BE837} = {4D861CF0-7989-4E65-8F7C-B802B5D1AD86}
		{9AEF4D1D-2871-4CA6-AA33-E2A019E0CE0A} = {1E86524C-DF07-4BD1-92C6-843ABA8BE837}
		{90F3AA90-3C48-4C01-9E4D-E58BA5E78AC7} = {FBD15674-246A-4C57-B865-07214D8BB9A1}
		{8C70CDAD-B234-4868-BC36-831A0E48EC04} = {8E178A6E-EAA5-413A-9EBE-36557DFF288E}
		{047459AC-E2D8-44D5-8BBB-45116E71FEA4} = {4D861CF0-7989-4E65-8F7C-B802B5D1AD86}
		{952EB45A-D03D-482B-9C04-871A6AC1CD7F} = {047459AC-E2D8-44D5-8BBB-45116E71FEA4}
		{115B7A5E-9FF2-46FF-B6F7-FFE16219D901} = {86D5767F-B32D-4E1B-BBA2-B87A0DEC6C6F}
		{CDD860EE-E357-44D7-955D-2B07EE74DDA2} = {FBD15674-246A-4C57-B865-07214D8BB9A1}
		{7B683C49-2F8C-4CA8-86A7-0BAAD5A2D6B8} = {C81398F8-AD50-4179-A0EC-2566EF978F1E}
		{3E93A198-0DCB-4BBC-A169-118703DF5614} = {16BB0B43-6224-42C2-9A33-A039348CF965}
		{7E255661-2E15-439A-B1B9-CB0CF52C7079} = {FBD15674-246A-4C57-B865-07214D8BB9A1}
		{566BBE4C-1ADF-425C-BF31-44A495131C09} = {FBD15674-246A-4C57-B865-07214D8BB9A1}
		{DD94F85D-84A5-430F-96FE-55B8D702A2FE} = {FBD15674-246A-4C57-B865-07214D8BB9A1}
		{C313F9B2-CD0A-4C07-B765-DD9F05B51516} = {FD0D8E05-2E14-4898-ACBC-665F0DDFF328}
		{A0CDF5B6-49EB-49D4-A394-B20E5A0A4F4A} = {49B7A61F-B3BE-485E-84D0-B78C08656412}
		{22986263-0BAD-4D78-9EE4-641F6534B050} = {FBD15674-246A-4C57-B865-07214D8BB9A1}
	EndGlobalSection
	GlobalSection(ExtensibilityGlobals) = postSolution
		SolutionGuid = {532F5D25-2D82-45B3-BF60-DDA40A0FB795}
	EndGlobalSection
EndGlobal
