
Microsoft Visual Studio Solution File, Format Version 12.00
# Visual Studio 15
VisualStudioVersion = 15.0.26621.2
MinimumVisualStudioVersion = 10.0.40219.1
Project("{2150E333-8FDC-42A3-9474-1A3956D46DE8}") = "Framework", "Framework", "{49B7A61F-B3BE-485E-84D0-B78C08656412}"
EndProject
Project("{9A19103F-16F7-4668-BE54-9A1E7A4F7556}") = "Snowflake.Framework.Primitives", "Snowflake.Framework.Primitives\Snowflake.Framework.Primitives.csproj", "{D51AAF5A-7429-4A04-BDC7-255DEF9FE366}"
EndProject
Project("{9A19103F-16F7-4668-BE54-9A1E7A4F7556}") = "Snowflake.Framework", "Snowflake.Framework\Snowflake.Framework.csproj", "{352E860C-8B14-477B-AAA4-DA73A82DD461}"
EndProject
Project("{9A19103F-16F7-4668-BE54-9A1E7A4F7556}") = "Snowflake.Framework.Services", "Snowflake.Framework.Services\Snowflake.Framework.Services.csproj", "{25067838-7895-43C2-A1E5-BFBD7F398912}"
EndProject
Project("{2150E333-8FDC-42A3-9474-1A3956D46DE8}") = "Support", "Support", "{FBD15674-246A-4C57-B865-07214D8BB9A1}"
EndProject
Project("{9A19103F-16F7-4668-BE54-9A1E7A4F7556}") = "Snowflake.Support.Windows.InputManager", "Snowflake.Support.Windows.InputManager\Snowflake.Support.Windows.InputManager.csproj", "{E1C7E53F-8C82-4B1A-800D-4A5A542DE5B6}"
EndProject
Project("{9A19103F-16F7-4668-BE54-9A1E7A4F7556}") = "Snowflake.Support.FileSignatures", "Snowflake.Support.FileSignatures\Snowflake.Support.FileSignatures.csproj", "{41D3DC3B-1661-4B24-9335-BF373A820C69}"
EndProject
Project("{9A19103F-16F7-4668-BE54-9A1E7A4F7556}") = "Snowflake.Framework.Utility", "Snowflake.Framework.Utility\Snowflake.Framework.Utility.csproj", "{D3353C91-19E4-4554-9AFD-0C88AE28981B}"
EndProject
Project("{2150E333-8FDC-42A3-9474-1A3956D46DE8}") = "Tooling", "Tooling", "{8E178A6E-EAA5-413A-9EBE-36557DFF288E}"
EndProject
Project("{9A19103F-16F7-4668-BE54-9A1E7A4F7556}") = "Snowflake.Tooling.Shiragame", "Snowflake.Tooling.Shiragame\Snowflake.Tooling.Shiragame.csproj", "{DE4EC9B6-86E3-4E9C-B260-600DAEDE9E12}"
EndProject
Project("{9A19103F-16F7-4668-BE54-9A1E7A4F7556}") = "Snowflake.Support.Windows.InputEnumerators", "Snowflake.Support.Windows.InputEnumerators\Snowflake.Support.Windows.InputEnumerators.csproj", "{3D0B72F2-9697-4B5A-A526-EB8DBB8B9DB1}"
EndProject
Project("{2150E333-8FDC-42A3-9474-1A3956D46DE8}") = "Plugins", "Plugins", "{4D861CF0-7989-4E65-8F7C-B802B5D1AD86}"
EndProject
Project("{2150E333-8FDC-42A3-9474-1A3956D46DE8}") = "Emulators", "Emulators", "{C81398F8-AD50-4179-A0EC-2566EF978F1E}"
EndProject
Project("{9A19103F-16F7-4668-BE54-9A1E7A4F7556}") = "Snowflake.Plugin.Emulators.RetroArch", "Snowflake.Plugin.Emulators.RetroArch\Snowflake.Plugin.Emulators.RetroArch.csproj", "{5E4D1FD5-A232-48AD-AF4B-49522F767600}"
EndProject
Project("{2150E333-8FDC-42A3-9474-1A3956D46DE8}") = "Scrapers", "Scrapers", "{2BB64AD6-F01B-4BBC-8CC4-D4FC1E1EE830}"
EndProject
Project("{2150E333-8FDC-42A3-9474-1A3956D46DE8}") = "Bootstrap", "Bootstrap", "{4EAF5E91-8489-43BE-8B06-4E1F09DF8B2B}"
EndProject
Project("{9A19103F-16F7-4668-BE54-9A1E7A4F7556}") = "Snowflake.Bootstrap.Windows", "Snowflake.Bootstrap.Windows\Snowflake.Bootstrap.Windows.csproj", "{6D8576F4-6694-4704-9439-EBFE9652A140}"
EndProject
Project("{9A19103F-16F7-4668-BE54-9A1E7A4F7556}") = "Snowflake.Plugin.Scrapers.TheGamesDb", "Snowflake.Plugin.Scrapers.TheGamesDb\Snowflake.Plugin.Scrapers.TheGamesDb.csproj", "{C6AFA8DF-2D5F-4B5E-9C70-DD3CA5E5044B}"
EndProject
Project("{9A19103F-16F7-4668-BE54-9A1E7A4F7556}") = "Snowflake.Framework.Tests", "Snowflake.Framework.Tests\Snowflake.Framework.Tests.csproj", "{5881A6EB-E702-4A4E-9F0A-6B4B91FE34B6}"
EndProject
<<<<<<< HEAD
Project("{FAE04EC0-301F-11D3-BF4B-00C04F79EFBC}") = "Snowflake.Support.Remoting", "Snowflake.Support.Remoting\Snowflake.Support.Remoting.csproj", "{60867667-10CF-431F-8E94-194913ED84FF}"
EndProject
Project("{2150E333-8FDC-42A3-9474-1A3956D46DE8}") = "Solution Items", "Solution Items", "{0D9210F2-EE19-4BAF-933D-E89731203AC2}"
	ProjectSection(SolutionItems) = preProject
		stylecop.json = stylecop.json
	EndProjectSection
=======
Project("{9A19103F-16F7-4668-BE54-9A1E7A4F7556}") = "Snowflake.Tooling.HelloWorldContainer", "Snowflake.Tooling.HelloWorldContainer\Snowflake.Tooling.HelloWorldContainer.csproj", "{292B1A29-4ADE-49CB-BDE3-20759AB20E37}"
EndProject
Project("{9A19103F-16F7-4668-BE54-9A1E7A4F7556}") = "Snowflake.Support.StoneProvider", "Snowflake.Support.StoneProvider\Snowflake.Support.StoneProvider.csproj", "{AD3E7BA2-4B2F-47FD-BA0C-DB4EF83BB05D}"
EndProject
Project("{9A19103F-16F7-4668-BE54-9A1E7A4F7556}") = "Snowflake.Support.StoreProviders", "Snowflake.Support.StoreProviders\Snowflake.Support.StoreProviders.csproj", "{01DDE186-5378-4C77-9CA1-3BC161F2B9E5}"
EndProject
Project("{9A19103F-16F7-4668-BE54-9A1E7A4F7556}") = "Snowflake.Support.PluginManager", "Snowflake.Support.PluginManager\Snowflake.Support.PluginManager.csproj", "{4CE3F6B7-4F87-454F-B590-85037D5BE085}"
EndProject
Project("{9A19103F-16F7-4668-BE54-9A1E7A4F7556}") = "Snowflake.Tooling.AssemblyModulePacker", "Snowflake.Tooling.AssemblyModulePacker\Snowflake.Tooling.AssemblyModulePacker.csproj", "{985AEA89-B646-415A-828F-65F2B0C02F4E}"
EndProject
Project("{9A19103F-16F7-4668-BE54-9A1E7A4F7556}") = "Snowflake.Support.Caching.KeyedImageCache", "Snowflake.Support.Caching.KeyedImageCache\Snowflake.Support.Caching.KeyedImageCache.csproj", "{05EEFD56-F33D-4FD2-A856-AE2EE650C616}"
EndProject
Project("{9A19103F-16F7-4668-BE54-9A1E7A4F7556}") = "Snowflake.Framework.Persistence", "Snowflake.Framework.Persistence\Snowflake.Framework.Persistence.csproj", "{254C0A6F-9355-476A-AFDB-6E20688E4432}"
EndProject
Project("{9A19103F-16F7-4668-BE54-9A1E7A4F7556}") = "Snowflake.Support.ShiragameProvider", "Snowflake.Support.ShiragameProvider\Snowflake.Support.ShiragameProvider.csproj", "{77C85584-ABF2-4750-BB85-8CE49EDC65FF}"
EndProject
Project("{9A19103F-16F7-4668-BE54-9A1E7A4F7556}") = "Snowflake.Framework.Tests.DummyComposable", "Snowflake.Framework.Tests.DummyComposable\Snowflake.Framework.Tests.DummyComposable.csproj", "{28E6E924-BC59-4124-9EB1-F02A57C7A7E3}"
EndProject
Project("{9A19103F-16F7-4668-BE54-9A1E7A4F7556}") = "Snowflake.Framework.Tests.DummyComposableInterface", "Snowflake.Framework.Tests.DummyComposableInterface\Snowflake.Framework.Tests.DummyComposableInterface.csproj", "{1F42B6A4-FAB1-4E49-B984-6FEA213C6D92}"
EndProject
Project("{2150E333-8FDC-42A3-9474-1A3956D46DE8}") = "Testing", "Testing", "{16BB0B43-6224-42C2-9A33-A039348CF965}"
EndProject
Project("{9A19103F-16F7-4668-BE54-9A1E7A4F7556}") = "Snowflake.Framework.Tests.InvalidComposable", "Snowflake.Framework.Tests.InvalidComposable\Snowflake.Framework.Tests.InvalidComposable.csproj", "{89242BED-0913-4B7A-8C3A-8333B01EE9E9}"
>>>>>>> cd39263... Modules: Robust loader and plugin system (#249)
EndProject
Project("{9A19103F-16F7-4668-BE54-9A1E7A4F7556}") = "Snowflake.Support.Remoting", "Snowflake.Support.Remoting\Snowflake.Support.Remoting.csproj", "{60FDD3F9-ACDA-4424-BEC6-09AA7CF7847C}"
EndProject
Project("{9A19103F-16F7-4668-BE54-9A1E7A4F7556}") = "Snowflake.Tooling.RestClient", "Snowflake.Tooling.RestClient\Snowflake.Tooling.RestClient.csproj", "{F0A7DAA0-469A-42F5-8CD3-98E77C93EBD7}"
EndProject
Project("{FAE04EC0-301F-11D3-BF4B-00C04F79EFBC}") = "Snowflake.Framework.Remoting", "Snowflake.Framework.Remoting\Snowflake.Framework.Remoting.csproj", "{B248E271-47CB-4579-BB76-A1B87537F5BA}"
EndProject
Global
	GlobalSection(SolutionConfigurationPlatforms) = preSolution
		Debug|Any CPU = Debug|Any CPU
		Debug|x64 = Debug|x64
		Debug|x86 = Debug|x86
		Release|Any CPU = Release|Any CPU
		Release|x64 = Release|x64
		Release|x86 = Release|x86
	EndGlobalSection
	GlobalSection(ProjectConfigurationPlatforms) = postSolution
		{D51AAF5A-7429-4A04-BDC7-255DEF9FE366}.Debug|Any CPU.ActiveCfg = Debug|Any CPU
		{D51AAF5A-7429-4A04-BDC7-255DEF9FE366}.Debug|Any CPU.Build.0 = Debug|Any CPU
		{D51AAF5A-7429-4A04-BDC7-255DEF9FE366}.Debug|x64.ActiveCfg = Debug|Any CPU
		{D51AAF5A-7429-4A04-BDC7-255DEF9FE366}.Debug|x64.Build.0 = Debug|Any CPU
		{D51AAF5A-7429-4A04-BDC7-255DEF9FE366}.Debug|x86.ActiveCfg = Debug|Any CPU
		{D51AAF5A-7429-4A04-BDC7-255DEF9FE366}.Debug|x86.Build.0 = Debug|Any CPU
		{D51AAF5A-7429-4A04-BDC7-255DEF9FE366}.Release|Any CPU.ActiveCfg = Debug|Any CPU
		{D51AAF5A-7429-4A04-BDC7-255DEF9FE366}.Release|Any CPU.Build.0 = Debug|Any CPU
		{D51AAF5A-7429-4A04-BDC7-255DEF9FE366}.Release|x64.ActiveCfg = Debug|Any CPU
		{D51AAF5A-7429-4A04-BDC7-255DEF9FE366}.Release|x64.Build.0 = Debug|Any CPU
		{D51AAF5A-7429-4A04-BDC7-255DEF9FE366}.Release|x86.ActiveCfg = Debug|Any CPU
		{D51AAF5A-7429-4A04-BDC7-255DEF9FE366}.Release|x86.Build.0 = Debug|Any CPU
		{352E860C-8B14-477B-AAA4-DA73A82DD461}.Debug|Any CPU.ActiveCfg = Debug|Any CPU
		{352E860C-8B14-477B-AAA4-DA73A82DD461}.Debug|Any CPU.Build.0 = Debug|Any CPU
		{352E860C-8B14-477B-AAA4-DA73A82DD461}.Debug|x64.ActiveCfg = Debug|Any CPU
		{352E860C-8B14-477B-AAA4-DA73A82DD461}.Debug|x64.Build.0 = Debug|Any CPU
		{352E860C-8B14-477B-AAA4-DA73A82DD461}.Debug|x86.ActiveCfg = Debug|Any CPU
		{352E860C-8B14-477B-AAA4-DA73A82DD461}.Debug|x86.Build.0 = Debug|Any CPU
		{352E860C-8B14-477B-AAA4-DA73A82DD461}.Release|Any CPU.ActiveCfg = Debug|Any CPU
		{352E860C-8B14-477B-AAA4-DA73A82DD461}.Release|Any CPU.Build.0 = Debug|Any CPU
		{352E860C-8B14-477B-AAA4-DA73A82DD461}.Release|x64.ActiveCfg = Debug|Any CPU
		{352E860C-8B14-477B-AAA4-DA73A82DD461}.Release|x64.Build.0 = Debug|Any CPU
		{352E860C-8B14-477B-AAA4-DA73A82DD461}.Release|x86.ActiveCfg = Debug|Any CPU
		{352E860C-8B14-477B-AAA4-DA73A82DD461}.Release|x86.Build.0 = Debug|Any CPU
		{25067838-7895-43C2-A1E5-BFBD7F398912}.Debug|Any CPU.ActiveCfg = Debug|Any CPU
		{25067838-7895-43C2-A1E5-BFBD7F398912}.Debug|Any CPU.Build.0 = Debug|Any CPU
		{25067838-7895-43C2-A1E5-BFBD7F398912}.Debug|x64.ActiveCfg = Debug|Any CPU
		{25067838-7895-43C2-A1E5-BFBD7F398912}.Debug|x64.Build.0 = Debug|Any CPU
		{25067838-7895-43C2-A1E5-BFBD7F398912}.Debug|x86.ActiveCfg = Debug|Any CPU
		{25067838-7895-43C2-A1E5-BFBD7F398912}.Debug|x86.Build.0 = Debug|Any CPU
		{25067838-7895-43C2-A1E5-BFBD7F398912}.Release|Any CPU.ActiveCfg = Debug|Any CPU
		{25067838-7895-43C2-A1E5-BFBD7F398912}.Release|Any CPU.Build.0 = Debug|Any CPU
		{25067838-7895-43C2-A1E5-BFBD7F398912}.Release|x64.ActiveCfg = Debug|Any CPU
		{25067838-7895-43C2-A1E5-BFBD7F398912}.Release|x64.Build.0 = Debug|Any CPU
		{25067838-7895-43C2-A1E5-BFBD7F398912}.Release|x86.ActiveCfg = Debug|Any CPU
		{25067838-7895-43C2-A1E5-BFBD7F398912}.Release|x86.Build.0 = Debug|Any CPU
		{E1C7E53F-8C82-4B1A-800D-4A5A542DE5B6}.Debug|Any CPU.ActiveCfg = Debug|Any CPU
		{E1C7E53F-8C82-4B1A-800D-4A5A542DE5B6}.Debug|Any CPU.Build.0 = Debug|Any CPU
		{E1C7E53F-8C82-4B1A-800D-4A5A542DE5B6}.Debug|x64.ActiveCfg = Debug|Any CPU
		{E1C7E53F-8C82-4B1A-800D-4A5A542DE5B6}.Debug|x64.Build.0 = Debug|Any CPU
		{E1C7E53F-8C82-4B1A-800D-4A5A542DE5B6}.Debug|x86.ActiveCfg = Debug|Any CPU
		{E1C7E53F-8C82-4B1A-800D-4A5A542DE5B6}.Debug|x86.Build.0 = Debug|Any CPU
		{E1C7E53F-8C82-4B1A-800D-4A5A542DE5B6}.Release|Any CPU.ActiveCfg = Release|Any CPU
		{E1C7E53F-8C82-4B1A-800D-4A5A542DE5B6}.Release|Any CPU.Build.0 = Release|Any CPU
		{E1C7E53F-8C82-4B1A-800D-4A5A542DE5B6}.Release|x64.ActiveCfg = Release|Any CPU
		{E1C7E53F-8C82-4B1A-800D-4A5A542DE5B6}.Release|x64.Build.0 = Release|Any CPU
		{E1C7E53F-8C82-4B1A-800D-4A5A542DE5B6}.Release|x86.ActiveCfg = Release|Any CPU
		{E1C7E53F-8C82-4B1A-800D-4A5A542DE5B6}.Release|x86.Build.0 = Release|Any CPU
		{41D3DC3B-1661-4B24-9335-BF373A820C69}.Debug|Any CPU.ActiveCfg = Debug|Any CPU
		{41D3DC3B-1661-4B24-9335-BF373A820C69}.Debug|Any CPU.Build.0 = Debug|Any CPU
		{41D3DC3B-1661-4B24-9335-BF373A820C69}.Debug|x64.ActiveCfg = Debug|Any CPU
		{41D3DC3B-1661-4B24-9335-BF373A820C69}.Debug|x64.Build.0 = Debug|Any CPU
		{41D3DC3B-1661-4B24-9335-BF373A820C69}.Debug|x86.ActiveCfg = Debug|Any CPU
		{41D3DC3B-1661-4B24-9335-BF373A820C69}.Debug|x86.Build.0 = Debug|Any CPU
		{41D3DC3B-1661-4B24-9335-BF373A820C69}.Release|Any CPU.ActiveCfg = Release|Any CPU
		{41D3DC3B-1661-4B24-9335-BF373A820C69}.Release|Any CPU.Build.0 = Release|Any CPU
		{41D3DC3B-1661-4B24-9335-BF373A820C69}.Release|x64.ActiveCfg = Release|Any CPU
		{41D3DC3B-1661-4B24-9335-BF373A820C69}.Release|x64.Build.0 = Release|Any CPU
		{41D3DC3B-1661-4B24-9335-BF373A820C69}.Release|x86.ActiveCfg = Release|Any CPU
		{41D3DC3B-1661-4B24-9335-BF373A820C69}.Release|x86.Build.0 = Release|Any CPU
		{D3353C91-19E4-4554-9AFD-0C88AE28981B}.Debug|Any CPU.ActiveCfg = Debug|Any CPU
		{D3353C91-19E4-4554-9AFD-0C88AE28981B}.Debug|Any CPU.Build.0 = Debug|Any CPU
		{D3353C91-19E4-4554-9AFD-0C88AE28981B}.Debug|x64.ActiveCfg = Debug|Any CPU
		{D3353C91-19E4-4554-9AFD-0C88AE28981B}.Debug|x64.Build.0 = Debug|Any CPU
		{D3353C91-19E4-4554-9AFD-0C88AE28981B}.Debug|x86.ActiveCfg = Debug|Any CPU
		{D3353C91-19E4-4554-9AFD-0C88AE28981B}.Debug|x86.Build.0 = Debug|Any CPU
		{D3353C91-19E4-4554-9AFD-0C88AE28981B}.Release|Any CPU.ActiveCfg = Debug|Any CPU
		{D3353C91-19E4-4554-9AFD-0C88AE28981B}.Release|Any CPU.Build.0 = Debug|Any CPU
		{D3353C91-19E4-4554-9AFD-0C88AE28981B}.Release|x64.ActiveCfg = Debug|Any CPU
		{D3353C91-19E4-4554-9AFD-0C88AE28981B}.Release|x64.Build.0 = Debug|Any CPU
		{D3353C91-19E4-4554-9AFD-0C88AE28981B}.Release|x86.ActiveCfg = Debug|Any CPU
		{D3353C91-19E4-4554-9AFD-0C88AE28981B}.Release|x86.Build.0 = Debug|Any CPU
		{DE4EC9B6-86E3-4E9C-B260-600DAEDE9E12}.Debug|Any CPU.ActiveCfg = Debug|Any CPU
		{DE4EC9B6-86E3-4E9C-B260-600DAEDE9E12}.Debug|Any CPU.Build.0 = Debug|Any CPU
		{DE4EC9B6-86E3-4E9C-B260-600DAEDE9E12}.Debug|x64.ActiveCfg = Debug|Any CPU
		{DE4EC9B6-86E3-4E9C-B260-600DAEDE9E12}.Debug|x64.Build.0 = Debug|Any CPU
		{DE4EC9B6-86E3-4E9C-B260-600DAEDE9E12}.Debug|x86.ActiveCfg = Debug|Any CPU
		{DE4EC9B6-86E3-4E9C-B260-600DAEDE9E12}.Debug|x86.Build.0 = Debug|Any CPU
		{DE4EC9B6-86E3-4E9C-B260-600DAEDE9E12}.Release|Any CPU.ActiveCfg = Release|Any CPU
		{DE4EC9B6-86E3-4E9C-B260-600DAEDE9E12}.Release|Any CPU.Build.0 = Release|Any CPU
		{DE4EC9B6-86E3-4E9C-B260-600DAEDE9E12}.Release|x64.ActiveCfg = Release|Any CPU
		{DE4EC9B6-86E3-4E9C-B260-600DAEDE9E12}.Release|x64.Build.0 = Release|Any CPU
		{DE4EC9B6-86E3-4E9C-B260-600DAEDE9E12}.Release|x86.ActiveCfg = Release|Any CPU
		{DE4EC9B6-86E3-4E9C-B260-600DAEDE9E12}.Release|x86.Build.0 = Release|Any CPU
		{3D0B72F2-9697-4B5A-A526-EB8DBB8B9DB1}.Debug|Any CPU.ActiveCfg = Debug|Any CPU
		{3D0B72F2-9697-4B5A-A526-EB8DBB8B9DB1}.Debug|Any CPU.Build.0 = Debug|Any CPU
		{3D0B72F2-9697-4B5A-A526-EB8DBB8B9DB1}.Debug|x64.ActiveCfg = Debug|Any CPU
		{3D0B72F2-9697-4B5A-A526-EB8DBB8B9DB1}.Debug|x64.Build.0 = Debug|Any CPU
		{3D0B72F2-9697-4B5A-A526-EB8DBB8B9DB1}.Debug|x86.ActiveCfg = Debug|Any CPU
		{3D0B72F2-9697-4B5A-A526-EB8DBB8B9DB1}.Debug|x86.Build.0 = Debug|Any CPU
		{3D0B72F2-9697-4B5A-A526-EB8DBB8B9DB1}.Release|Any CPU.ActiveCfg = Release|Any CPU
		{3D0B72F2-9697-4B5A-A526-EB8DBB8B9DB1}.Release|Any CPU.Build.0 = Release|Any CPU
		{3D0B72F2-9697-4B5A-A526-EB8DBB8B9DB1}.Release|x64.ActiveCfg = Release|Any CPU
		{3D0B72F2-9697-4B5A-A526-EB8DBB8B9DB1}.Release|x64.Build.0 = Release|Any CPU
		{3D0B72F2-9697-4B5A-A526-EB8DBB8B9DB1}.Release|x86.ActiveCfg = Release|Any CPU
		{3D0B72F2-9697-4B5A-A526-EB8DBB8B9DB1}.Release|x86.Build.0 = Release|Any CPU
		{5E4D1FD5-A232-48AD-AF4B-49522F767600}.Debug|Any CPU.ActiveCfg = Debug|Any CPU
		{5E4D1FD5-A232-48AD-AF4B-49522F767600}.Debug|Any CPU.Build.0 = Debug|Any CPU
		{5E4D1FD5-A232-48AD-AF4B-49522F767600}.Debug|x64.ActiveCfg = Debug|Any CPU
		{5E4D1FD5-A232-48AD-AF4B-49522F767600}.Debug|x64.Build.0 = Debug|Any CPU
		{5E4D1FD5-A232-48AD-AF4B-49522F767600}.Debug|x86.ActiveCfg = Debug|Any CPU
		{5E4D1FD5-A232-48AD-AF4B-49522F767600}.Debug|x86.Build.0 = Debug|Any CPU
		{5E4D1FD5-A232-48AD-AF4B-49522F767600}.Release|Any CPU.ActiveCfg = Release|Any CPU
		{5E4D1FD5-A232-48AD-AF4B-49522F767600}.Release|Any CPU.Build.0 = Release|Any CPU
		{5E4D1FD5-A232-48AD-AF4B-49522F767600}.Release|x64.ActiveCfg = Release|Any CPU
		{5E4D1FD5-A232-48AD-AF4B-49522F767600}.Release|x64.Build.0 = Release|Any CPU
		{5E4D1FD5-A232-48AD-AF4B-49522F767600}.Release|x86.ActiveCfg = Release|Any CPU
		{5E4D1FD5-A232-48AD-AF4B-49522F767600}.Release|x86.Build.0 = Release|Any CPU
		{6D8576F4-6694-4704-9439-EBFE9652A140}.Debug|Any CPU.ActiveCfg = Debug|Any CPU
		{6D8576F4-6694-4704-9439-EBFE9652A140}.Debug|Any CPU.Build.0 = Debug|Any CPU
		{6D8576F4-6694-4704-9439-EBFE9652A140}.Debug|x64.ActiveCfg = Debug|Any CPU
		{6D8576F4-6694-4704-9439-EBFE9652A140}.Debug|x64.Build.0 = Debug|Any CPU
		{6D8576F4-6694-4704-9439-EBFE9652A140}.Debug|x86.ActiveCfg = Debug|Any CPU
		{6D8576F4-6694-4704-9439-EBFE9652A140}.Debug|x86.Build.0 = Debug|Any CPU
		{6D8576F4-6694-4704-9439-EBFE9652A140}.Release|Any CPU.ActiveCfg = Release|Any CPU
		{6D8576F4-6694-4704-9439-EBFE9652A140}.Release|Any CPU.Build.0 = Release|Any CPU
		{6D8576F4-6694-4704-9439-EBFE9652A140}.Release|x64.ActiveCfg = Release|Any CPU
		{6D8576F4-6694-4704-9439-EBFE9652A140}.Release|x64.Build.0 = Release|Any CPU
		{6D8576F4-6694-4704-9439-EBFE9652A140}.Release|x86.ActiveCfg = Release|Any CPU
		{6D8576F4-6694-4704-9439-EBFE9652A140}.Release|x86.Build.0 = Release|Any CPU
		{C6AFA8DF-2D5F-4B5E-9C70-DD3CA5E5044B}.Debug|Any CPU.ActiveCfg = Debug|Any CPU
		{C6AFA8DF-2D5F-4B5E-9C70-DD3CA5E5044B}.Debug|Any CPU.Build.0 = Debug|Any CPU
		{C6AFA8DF-2D5F-4B5E-9C70-DD3CA5E5044B}.Debug|x64.ActiveCfg = Debug|Any CPU
		{C6AFA8DF-2D5F-4B5E-9C70-DD3CA5E5044B}.Debug|x64.Build.0 = Debug|Any CPU
		{C6AFA8DF-2D5F-4B5E-9C70-DD3CA5E5044B}.Debug|x86.ActiveCfg = Debug|Any CPU
		{C6AFA8DF-2D5F-4B5E-9C70-DD3CA5E5044B}.Debug|x86.Build.0 = Debug|Any CPU
		{C6AFA8DF-2D5F-4B5E-9C70-DD3CA5E5044B}.Release|Any CPU.ActiveCfg = Release|Any CPU
		{C6AFA8DF-2D5F-4B5E-9C70-DD3CA5E5044B}.Release|Any CPU.Build.0 = Release|Any CPU
		{C6AFA8DF-2D5F-4B5E-9C70-DD3CA5E5044B}.Release|x64.ActiveCfg = Release|Any CPU
		{C6AFA8DF-2D5F-4B5E-9C70-DD3CA5E5044B}.Release|x64.Build.0 = Release|Any CPU
		{C6AFA8DF-2D5F-4B5E-9C70-DD3CA5E5044B}.Release|x86.ActiveCfg = Release|Any CPU
		{C6AFA8DF-2D5F-4B5E-9C70-DD3CA5E5044B}.Release|x86.Build.0 = Release|Any CPU
		{5881A6EB-E702-4A4E-9F0A-6B4B91FE34B6}.Debug|Any CPU.ActiveCfg = Debug|Any CPU
		{5881A6EB-E702-4A4E-9F0A-6B4B91FE34B6}.Debug|Any CPU.Build.0 = Debug|Any CPU
		{5881A6EB-E702-4A4E-9F0A-6B4B91FE34B6}.Debug|x64.ActiveCfg = Debug|Any CPU
		{5881A6EB-E702-4A4E-9F0A-6B4B91FE34B6}.Debug|x64.Build.0 = Debug|Any CPU
		{5881A6EB-E702-4A4E-9F0A-6B4B91FE34B6}.Debug|x86.ActiveCfg = Debug|Any CPU
		{5881A6EB-E702-4A4E-9F0A-6B4B91FE34B6}.Debug|x86.Build.0 = Debug|Any CPU
<<<<<<< HEAD
		{5881A6EB-E702-4A4E-9F0A-6B4B91FE34B6}.Release|Any CPU.ActiveCfg = Debug|Any CPU
		{5881A6EB-E702-4A4E-9F0A-6B4B91FE34B6}.Release|Any CPU.Build.0 = Debug|Any CPU
		{5881A6EB-E702-4A4E-9F0A-6B4B91FE34B6}.Release|x64.ActiveCfg = Debug|Any CPU
		{5881A6EB-E702-4A4E-9F0A-6B4B91FE34B6}.Release|x64.Build.0 = Debug|Any CPU
		{5881A6EB-E702-4A4E-9F0A-6B4B91FE34B6}.Release|x86.ActiveCfg = Debug|Any CPU
		{5881A6EB-E702-4A4E-9F0A-6B4B91FE34B6}.Release|x86.Build.0 = Debug|Any CPU
		{60867667-10CF-431F-8E94-194913ED84FF}.Debug|Any CPU.ActiveCfg = Debug|Any CPU
		{60867667-10CF-431F-8E94-194913ED84FF}.Debug|Any CPU.Build.0 = Debug|Any CPU
		{60867667-10CF-431F-8E94-194913ED84FF}.Debug|x64.ActiveCfg = Debug|Any CPU
		{60867667-10CF-431F-8E94-194913ED84FF}.Debug|x64.Build.0 = Debug|Any CPU
		{60867667-10CF-431F-8E94-194913ED84FF}.Debug|x86.ActiveCfg = Debug|Any CPU
		{60867667-10CF-431F-8E94-194913ED84FF}.Debug|x86.Build.0 = Debug|Any CPU
		{60867667-10CF-431F-8E94-194913ED84FF}.Release|Any CPU.ActiveCfg = Release|Any CPU
		{60867667-10CF-431F-8E94-194913ED84FF}.Release|Any CPU.Build.0 = Release|Any CPU
		{60867667-10CF-431F-8E94-194913ED84FF}.Release|x64.ActiveCfg = Release|Any CPU
		{60867667-10CF-431F-8E94-194913ED84FF}.Release|x64.Build.0 = Release|Any CPU
		{60867667-10CF-431F-8E94-194913ED84FF}.Release|x86.ActiveCfg = Release|Any CPU
		{60867667-10CF-431F-8E94-194913ED84FF}.Release|x86.Build.0 = Release|Any CPU
=======
		{5881A6EB-E702-4A4E-9F0A-6B4B91FE34B6}.Release|Any CPU.ActiveCfg = Release|Any CPU
		{5881A6EB-E702-4A4E-9F0A-6B4B91FE34B6}.Release|Any CPU.Build.0 = Release|Any CPU
		{5881A6EB-E702-4A4E-9F0A-6B4B91FE34B6}.Release|x64.ActiveCfg = Release|Any CPU
		{5881A6EB-E702-4A4E-9F0A-6B4B91FE34B6}.Release|x64.Build.0 = Release|Any CPU
		{5881A6EB-E702-4A4E-9F0A-6B4B91FE34B6}.Release|x86.ActiveCfg = Release|Any CPU
		{5881A6EB-E702-4A4E-9F0A-6B4B91FE34B6}.Release|x86.Build.0 = Release|Any CPU
		{292B1A29-4ADE-49CB-BDE3-20759AB20E37}.Debug|Any CPU.ActiveCfg = Debug|Any CPU
		{292B1A29-4ADE-49CB-BDE3-20759AB20E37}.Debug|Any CPU.Build.0 = Debug|Any CPU
		{292B1A29-4ADE-49CB-BDE3-20759AB20E37}.Debug|x64.ActiveCfg = Debug|Any CPU
		{292B1A29-4ADE-49CB-BDE3-20759AB20E37}.Debug|x64.Build.0 = Debug|Any CPU
		{292B1A29-4ADE-49CB-BDE3-20759AB20E37}.Debug|x86.ActiveCfg = Debug|Any CPU
		{292B1A29-4ADE-49CB-BDE3-20759AB20E37}.Debug|x86.Build.0 = Debug|Any CPU
		{292B1A29-4ADE-49CB-BDE3-20759AB20E37}.Release|Any CPU.ActiveCfg = Release|Any CPU
		{292B1A29-4ADE-49CB-BDE3-20759AB20E37}.Release|Any CPU.Build.0 = Release|Any CPU
		{292B1A29-4ADE-49CB-BDE3-20759AB20E37}.Release|x64.ActiveCfg = Release|Any CPU
		{292B1A29-4ADE-49CB-BDE3-20759AB20E37}.Release|x64.Build.0 = Release|Any CPU
		{292B1A29-4ADE-49CB-BDE3-20759AB20E37}.Release|x86.ActiveCfg = Release|Any CPU
		{292B1A29-4ADE-49CB-BDE3-20759AB20E37}.Release|x86.Build.0 = Release|Any CPU
		{AD3E7BA2-4B2F-47FD-BA0C-DB4EF83BB05D}.Debug|Any CPU.ActiveCfg = Debug|Any CPU
		{AD3E7BA2-4B2F-47FD-BA0C-DB4EF83BB05D}.Debug|Any CPU.Build.0 = Debug|Any CPU
		{AD3E7BA2-4B2F-47FD-BA0C-DB4EF83BB05D}.Debug|x64.ActiveCfg = Debug|Any CPU
		{AD3E7BA2-4B2F-47FD-BA0C-DB4EF83BB05D}.Debug|x64.Build.0 = Debug|Any CPU
		{AD3E7BA2-4B2F-47FD-BA0C-DB4EF83BB05D}.Debug|x86.ActiveCfg = Debug|Any CPU
		{AD3E7BA2-4B2F-47FD-BA0C-DB4EF83BB05D}.Debug|x86.Build.0 = Debug|Any CPU
		{AD3E7BA2-4B2F-47FD-BA0C-DB4EF83BB05D}.Release|Any CPU.ActiveCfg = Release|Any CPU
		{AD3E7BA2-4B2F-47FD-BA0C-DB4EF83BB05D}.Release|Any CPU.Build.0 = Release|Any CPU
		{AD3E7BA2-4B2F-47FD-BA0C-DB4EF83BB05D}.Release|x64.ActiveCfg = Release|Any CPU
		{AD3E7BA2-4B2F-47FD-BA0C-DB4EF83BB05D}.Release|x64.Build.0 = Release|Any CPU
		{AD3E7BA2-4B2F-47FD-BA0C-DB4EF83BB05D}.Release|x86.ActiveCfg = Release|Any CPU
		{AD3E7BA2-4B2F-47FD-BA0C-DB4EF83BB05D}.Release|x86.Build.0 = Release|Any CPU
		{01DDE186-5378-4C77-9CA1-3BC161F2B9E5}.Debug|Any CPU.ActiveCfg = Debug|Any CPU
		{01DDE186-5378-4C77-9CA1-3BC161F2B9E5}.Debug|Any CPU.Build.0 = Debug|Any CPU
		{01DDE186-5378-4C77-9CA1-3BC161F2B9E5}.Debug|x64.ActiveCfg = Debug|Any CPU
		{01DDE186-5378-4C77-9CA1-3BC161F2B9E5}.Debug|x64.Build.0 = Debug|Any CPU
		{01DDE186-5378-4C77-9CA1-3BC161F2B9E5}.Debug|x86.ActiveCfg = Debug|Any CPU
		{01DDE186-5378-4C77-9CA1-3BC161F2B9E5}.Debug|x86.Build.0 = Debug|Any CPU
		{01DDE186-5378-4C77-9CA1-3BC161F2B9E5}.Release|Any CPU.ActiveCfg = Release|Any CPU
		{01DDE186-5378-4C77-9CA1-3BC161F2B9E5}.Release|Any CPU.Build.0 = Release|Any CPU
		{01DDE186-5378-4C77-9CA1-3BC161F2B9E5}.Release|x64.ActiveCfg = Release|Any CPU
		{01DDE186-5378-4C77-9CA1-3BC161F2B9E5}.Release|x64.Build.0 = Release|Any CPU
		{01DDE186-5378-4C77-9CA1-3BC161F2B9E5}.Release|x86.ActiveCfg = Release|Any CPU
		{01DDE186-5378-4C77-9CA1-3BC161F2B9E5}.Release|x86.Build.0 = Release|Any CPU
		{4CE3F6B7-4F87-454F-B590-85037D5BE085}.Debug|Any CPU.ActiveCfg = Debug|Any CPU
		{4CE3F6B7-4F87-454F-B590-85037D5BE085}.Debug|Any CPU.Build.0 = Debug|Any CPU
		{4CE3F6B7-4F87-454F-B590-85037D5BE085}.Debug|x64.ActiveCfg = Debug|Any CPU
		{4CE3F6B7-4F87-454F-B590-85037D5BE085}.Debug|x64.Build.0 = Debug|Any CPU
		{4CE3F6B7-4F87-454F-B590-85037D5BE085}.Debug|x86.ActiveCfg = Debug|Any CPU
		{4CE3F6B7-4F87-454F-B590-85037D5BE085}.Debug|x86.Build.0 = Debug|Any CPU
		{4CE3F6B7-4F87-454F-B590-85037D5BE085}.Release|Any CPU.ActiveCfg = Release|Any CPU
		{4CE3F6B7-4F87-454F-B590-85037D5BE085}.Release|Any CPU.Build.0 = Release|Any CPU
		{4CE3F6B7-4F87-454F-B590-85037D5BE085}.Release|x64.ActiveCfg = Release|Any CPU
		{4CE3F6B7-4F87-454F-B590-85037D5BE085}.Release|x64.Build.0 = Release|Any CPU
		{4CE3F6B7-4F87-454F-B590-85037D5BE085}.Release|x86.ActiveCfg = Release|Any CPU
		{4CE3F6B7-4F87-454F-B590-85037D5BE085}.Release|x86.Build.0 = Release|Any CPU
		{985AEA89-B646-415A-828F-65F2B0C02F4E}.Debug|Any CPU.ActiveCfg = Debug|Any CPU
		{985AEA89-B646-415A-828F-65F2B0C02F4E}.Debug|Any CPU.Build.0 = Debug|Any CPU
		{985AEA89-B646-415A-828F-65F2B0C02F4E}.Debug|x64.ActiveCfg = Debug|Any CPU
		{985AEA89-B646-415A-828F-65F2B0C02F4E}.Debug|x64.Build.0 = Debug|Any CPU
		{985AEA89-B646-415A-828F-65F2B0C02F4E}.Debug|x86.ActiveCfg = Debug|Any CPU
		{985AEA89-B646-415A-828F-65F2B0C02F4E}.Debug|x86.Build.0 = Debug|Any CPU
		{985AEA89-B646-415A-828F-65F2B0C02F4E}.Release|Any CPU.ActiveCfg = Release|Any CPU
		{985AEA89-B646-415A-828F-65F2B0C02F4E}.Release|Any CPU.Build.0 = Release|Any CPU
		{985AEA89-B646-415A-828F-65F2B0C02F4E}.Release|x64.ActiveCfg = Release|Any CPU
		{985AEA89-B646-415A-828F-65F2B0C02F4E}.Release|x64.Build.0 = Release|Any CPU
		{985AEA89-B646-415A-828F-65F2B0C02F4E}.Release|x86.ActiveCfg = Release|Any CPU
		{985AEA89-B646-415A-828F-65F2B0C02F4E}.Release|x86.Build.0 = Release|Any CPU
		{05EEFD56-F33D-4FD2-A856-AE2EE650C616}.Debug|Any CPU.ActiveCfg = Debug|Any CPU
		{05EEFD56-F33D-4FD2-A856-AE2EE650C616}.Debug|Any CPU.Build.0 = Debug|Any CPU
		{05EEFD56-F33D-4FD2-A856-AE2EE650C616}.Debug|x64.ActiveCfg = Debug|Any CPU
		{05EEFD56-F33D-4FD2-A856-AE2EE650C616}.Debug|x64.Build.0 = Debug|Any CPU
		{05EEFD56-F33D-4FD2-A856-AE2EE650C616}.Debug|x86.ActiveCfg = Debug|Any CPU
		{05EEFD56-F33D-4FD2-A856-AE2EE650C616}.Debug|x86.Build.0 = Debug|Any CPU
		{05EEFD56-F33D-4FD2-A856-AE2EE650C616}.Release|Any CPU.ActiveCfg = Release|Any CPU
		{05EEFD56-F33D-4FD2-A856-AE2EE650C616}.Release|Any CPU.Build.0 = Release|Any CPU
		{05EEFD56-F33D-4FD2-A856-AE2EE650C616}.Release|x64.ActiveCfg = Release|Any CPU
		{05EEFD56-F33D-4FD2-A856-AE2EE650C616}.Release|x64.Build.0 = Release|Any CPU
		{05EEFD56-F33D-4FD2-A856-AE2EE650C616}.Release|x86.ActiveCfg = Release|Any CPU
		{05EEFD56-F33D-4FD2-A856-AE2EE650C616}.Release|x86.Build.0 = Release|Any CPU
		{254C0A6F-9355-476A-AFDB-6E20688E4432}.Debug|Any CPU.ActiveCfg = Debug|Any CPU
		{254C0A6F-9355-476A-AFDB-6E20688E4432}.Debug|Any CPU.Build.0 = Debug|Any CPU
		{254C0A6F-9355-476A-AFDB-6E20688E4432}.Debug|x64.ActiveCfg = Debug|Any CPU
		{254C0A6F-9355-476A-AFDB-6E20688E4432}.Debug|x64.Build.0 = Debug|Any CPU
		{254C0A6F-9355-476A-AFDB-6E20688E4432}.Debug|x86.ActiveCfg = Debug|Any CPU
		{254C0A6F-9355-476A-AFDB-6E20688E4432}.Debug|x86.Build.0 = Debug|Any CPU
		{254C0A6F-9355-476A-AFDB-6E20688E4432}.Release|Any CPU.ActiveCfg = Release|Any CPU
		{254C0A6F-9355-476A-AFDB-6E20688E4432}.Release|Any CPU.Build.0 = Release|Any CPU
		{254C0A6F-9355-476A-AFDB-6E20688E4432}.Release|x64.ActiveCfg = Release|Any CPU
		{254C0A6F-9355-476A-AFDB-6E20688E4432}.Release|x64.Build.0 = Release|Any CPU
		{254C0A6F-9355-476A-AFDB-6E20688E4432}.Release|x86.ActiveCfg = Release|Any CPU
		{254C0A6F-9355-476A-AFDB-6E20688E4432}.Release|x86.Build.0 = Release|Any CPU
		{77C85584-ABF2-4750-BB85-8CE49EDC65FF}.Debug|Any CPU.ActiveCfg = Debug|Any CPU
		{77C85584-ABF2-4750-BB85-8CE49EDC65FF}.Debug|Any CPU.Build.0 = Debug|Any CPU
		{77C85584-ABF2-4750-BB85-8CE49EDC65FF}.Debug|x64.ActiveCfg = Debug|Any CPU
		{77C85584-ABF2-4750-BB85-8CE49EDC65FF}.Debug|x64.Build.0 = Debug|Any CPU
		{77C85584-ABF2-4750-BB85-8CE49EDC65FF}.Debug|x86.ActiveCfg = Debug|Any CPU
		{77C85584-ABF2-4750-BB85-8CE49EDC65FF}.Debug|x86.Build.0 = Debug|Any CPU
		{77C85584-ABF2-4750-BB85-8CE49EDC65FF}.Release|Any CPU.ActiveCfg = Release|Any CPU
		{77C85584-ABF2-4750-BB85-8CE49EDC65FF}.Release|Any CPU.Build.0 = Release|Any CPU
		{77C85584-ABF2-4750-BB85-8CE49EDC65FF}.Release|x64.ActiveCfg = Release|Any CPU
		{77C85584-ABF2-4750-BB85-8CE49EDC65FF}.Release|x64.Build.0 = Release|Any CPU
		{77C85584-ABF2-4750-BB85-8CE49EDC65FF}.Release|x86.ActiveCfg = Release|Any CPU
		{77C85584-ABF2-4750-BB85-8CE49EDC65FF}.Release|x86.Build.0 = Release|Any CPU
		{28E6E924-BC59-4124-9EB1-F02A57C7A7E3}.Debug|Any CPU.ActiveCfg = Debug|Any CPU
		{28E6E924-BC59-4124-9EB1-F02A57C7A7E3}.Debug|Any CPU.Build.0 = Debug|Any CPU
		{28E6E924-BC59-4124-9EB1-F02A57C7A7E3}.Debug|x64.ActiveCfg = Debug|Any CPU
		{28E6E924-BC59-4124-9EB1-F02A57C7A7E3}.Debug|x64.Build.0 = Debug|Any CPU
		{28E6E924-BC59-4124-9EB1-F02A57C7A7E3}.Debug|x86.ActiveCfg = Debug|Any CPU
		{28E6E924-BC59-4124-9EB1-F02A57C7A7E3}.Debug|x86.Build.0 = Debug|Any CPU
		{28E6E924-BC59-4124-9EB1-F02A57C7A7E3}.Release|Any CPU.ActiveCfg = Release|Any CPU
		{28E6E924-BC59-4124-9EB1-F02A57C7A7E3}.Release|Any CPU.Build.0 = Release|Any CPU
		{28E6E924-BC59-4124-9EB1-F02A57C7A7E3}.Release|x64.ActiveCfg = Release|Any CPU
		{28E6E924-BC59-4124-9EB1-F02A57C7A7E3}.Release|x64.Build.0 = Release|Any CPU
		{28E6E924-BC59-4124-9EB1-F02A57C7A7E3}.Release|x86.ActiveCfg = Release|Any CPU
		{28E6E924-BC59-4124-9EB1-F02A57C7A7E3}.Release|x86.Build.0 = Release|Any CPU
		{1F42B6A4-FAB1-4E49-B984-6FEA213C6D92}.Debug|Any CPU.ActiveCfg = Debug|Any CPU
		{1F42B6A4-FAB1-4E49-B984-6FEA213C6D92}.Debug|Any CPU.Build.0 = Debug|Any CPU
		{1F42B6A4-FAB1-4E49-B984-6FEA213C6D92}.Debug|x64.ActiveCfg = Debug|Any CPU
		{1F42B6A4-FAB1-4E49-B984-6FEA213C6D92}.Debug|x64.Build.0 = Debug|Any CPU
		{1F42B6A4-FAB1-4E49-B984-6FEA213C6D92}.Debug|x86.ActiveCfg = Debug|Any CPU
		{1F42B6A4-FAB1-4E49-B984-6FEA213C6D92}.Debug|x86.Build.0 = Debug|Any CPU
		{1F42B6A4-FAB1-4E49-B984-6FEA213C6D92}.Release|Any CPU.ActiveCfg = Release|Any CPU
		{1F42B6A4-FAB1-4E49-B984-6FEA213C6D92}.Release|Any CPU.Build.0 = Release|Any CPU
		{1F42B6A4-FAB1-4E49-B984-6FEA213C6D92}.Release|x64.ActiveCfg = Release|Any CPU
		{1F42B6A4-FAB1-4E49-B984-6FEA213C6D92}.Release|x64.Build.0 = Release|Any CPU
		{1F42B6A4-FAB1-4E49-B984-6FEA213C6D92}.Release|x86.ActiveCfg = Release|Any CPU
		{1F42B6A4-FAB1-4E49-B984-6FEA213C6D92}.Release|x86.Build.0 = Release|Any CPU
		{89242BED-0913-4B7A-8C3A-8333B01EE9E9}.Debug|Any CPU.ActiveCfg = Debug|Any CPU
		{89242BED-0913-4B7A-8C3A-8333B01EE9E9}.Debug|Any CPU.Build.0 = Debug|Any CPU
		{89242BED-0913-4B7A-8C3A-8333B01EE9E9}.Debug|x64.ActiveCfg = Debug|Any CPU
		{89242BED-0913-4B7A-8C3A-8333B01EE9E9}.Debug|x64.Build.0 = Debug|Any CPU
		{89242BED-0913-4B7A-8C3A-8333B01EE9E9}.Debug|x86.ActiveCfg = Debug|Any CPU
		{89242BED-0913-4B7A-8C3A-8333B01EE9E9}.Debug|x86.Build.0 = Debug|Any CPU
		{89242BED-0913-4B7A-8C3A-8333B01EE9E9}.Release|Any CPU.ActiveCfg = Release|Any CPU
		{89242BED-0913-4B7A-8C3A-8333B01EE9E9}.Release|Any CPU.Build.0 = Release|Any CPU
		{89242BED-0913-4B7A-8C3A-8333B01EE9E9}.Release|x64.ActiveCfg = Release|Any CPU
		{89242BED-0913-4B7A-8C3A-8333B01EE9E9}.Release|x64.Build.0 = Release|Any CPU
		{89242BED-0913-4B7A-8C3A-8333B01EE9E9}.Release|x86.ActiveCfg = Release|Any CPU
		{89242BED-0913-4B7A-8C3A-8333B01EE9E9}.Release|x86.Build.0 = Release|Any CPU
		{60FDD3F9-ACDA-4424-BEC6-09AA7CF7847C}.Debug|Any CPU.ActiveCfg = Debug|Any CPU
		{60FDD3F9-ACDA-4424-BEC6-09AA7CF7847C}.Debug|Any CPU.Build.0 = Debug|Any CPU
		{60FDD3F9-ACDA-4424-BEC6-09AA7CF7847C}.Debug|x64.ActiveCfg = Debug|Any CPU
		{60FDD3F9-ACDA-4424-BEC6-09AA7CF7847C}.Debug|x64.Build.0 = Debug|Any CPU
		{60FDD3F9-ACDA-4424-BEC6-09AA7CF7847C}.Debug|x86.ActiveCfg = Debug|Any CPU
		{60FDD3F9-ACDA-4424-BEC6-09AA7CF7847C}.Debug|x86.Build.0 = Debug|Any CPU
		{60FDD3F9-ACDA-4424-BEC6-09AA7CF7847C}.Release|Any CPU.ActiveCfg = Release|Any CPU
		{60FDD3F9-ACDA-4424-BEC6-09AA7CF7847C}.Release|Any CPU.Build.0 = Release|Any CPU
		{60FDD3F9-ACDA-4424-BEC6-09AA7CF7847C}.Release|x64.ActiveCfg = Release|Any CPU
		{60FDD3F9-ACDA-4424-BEC6-09AA7CF7847C}.Release|x64.Build.0 = Release|Any CPU
		{60FDD3F9-ACDA-4424-BEC6-09AA7CF7847C}.Release|x86.ActiveCfg = Release|Any CPU
		{60FDD3F9-ACDA-4424-BEC6-09AA7CF7847C}.Release|x86.Build.0 = Release|Any CPU
		{F0A7DAA0-469A-42F5-8CD3-98E77C93EBD7}.Debug|Any CPU.ActiveCfg = Debug|Any CPU
		{F0A7DAA0-469A-42F5-8CD3-98E77C93EBD7}.Debug|Any CPU.Build.0 = Debug|Any CPU
		{F0A7DAA0-469A-42F5-8CD3-98E77C93EBD7}.Debug|x64.ActiveCfg = Debug|Any CPU
		{F0A7DAA0-469A-42F5-8CD3-98E77C93EBD7}.Debug|x64.Build.0 = Debug|Any CPU
		{F0A7DAA0-469A-42F5-8CD3-98E77C93EBD7}.Debug|x86.ActiveCfg = Debug|Any CPU
		{F0A7DAA0-469A-42F5-8CD3-98E77C93EBD7}.Debug|x86.Build.0 = Debug|Any CPU
		{F0A7DAA0-469A-42F5-8CD3-98E77C93EBD7}.Release|Any CPU.ActiveCfg = Release|Any CPU
		{F0A7DAA0-469A-42F5-8CD3-98E77C93EBD7}.Release|Any CPU.Build.0 = Release|Any CPU
		{F0A7DAA0-469A-42F5-8CD3-98E77C93EBD7}.Release|x64.ActiveCfg = Release|Any CPU
		{F0A7DAA0-469A-42F5-8CD3-98E77C93EBD7}.Release|x64.Build.0 = Release|Any CPU
		{F0A7DAA0-469A-42F5-8CD3-98E77C93EBD7}.Release|x86.ActiveCfg = Release|Any CPU
		{F0A7DAA0-469A-42F5-8CD3-98E77C93EBD7}.Release|x86.Build.0 = Release|Any CPU
		{B248E271-47CB-4579-BB76-A1B87537F5BA}.Debug|Any CPU.ActiveCfg = Debug|Any CPU
		{B248E271-47CB-4579-BB76-A1B87537F5BA}.Debug|Any CPU.Build.0 = Debug|Any CPU
		{B248E271-47CB-4579-BB76-A1B87537F5BA}.Debug|x64.ActiveCfg = Debug|Any CPU
		{B248E271-47CB-4579-BB76-A1B87537F5BA}.Debug|x64.Build.0 = Debug|Any CPU
		{B248E271-47CB-4579-BB76-A1B87537F5BA}.Debug|x86.ActiveCfg = Debug|Any CPU
		{B248E271-47CB-4579-BB76-A1B87537F5BA}.Debug|x86.Build.0 = Debug|Any CPU
		{B248E271-47CB-4579-BB76-A1B87537F5BA}.Release|Any CPU.ActiveCfg = Release|Any CPU
		{B248E271-47CB-4579-BB76-A1B87537F5BA}.Release|Any CPU.Build.0 = Release|Any CPU
		{B248E271-47CB-4579-BB76-A1B87537F5BA}.Release|x64.ActiveCfg = Release|Any CPU
		{B248E271-47CB-4579-BB76-A1B87537F5BA}.Release|x64.Build.0 = Release|Any CPU
		{B248E271-47CB-4579-BB76-A1B87537F5BA}.Release|x86.ActiveCfg = Release|Any CPU
		{B248E271-47CB-4579-BB76-A1B87537F5BA}.Release|x86.Build.0 = Release|Any CPU
	EndGlobalSection
	GlobalSection(SolutionProperties) = preSolution
		HideSolutionNode = FALSE
	EndGlobalSection
	GlobalSection(NestedProjects) = preSolution
		{D51AAF5A-7429-4A04-BDC7-255DEF9FE366} = {49B7A61F-B3BE-485E-84D0-B78C08656412}
		{352E860C-8B14-477B-AAA4-DA73A82DD461} = {49B7A61F-B3BE-485E-84D0-B78C08656412}
		{25067838-7895-43C2-A1E5-BFBD7F398912} = {49B7A61F-B3BE-485E-84D0-B78C08656412}
		{E1C7E53F-8C82-4B1A-800D-4A5A542DE5B6} = {FBD15674-246A-4C57-B865-07214D8BB9A1}
		{41D3DC3B-1661-4B24-9335-BF373A820C69} = {FBD15674-246A-4C57-B865-07214D8BB9A1}
		{D3353C91-19E4-4554-9AFD-0C88AE28981B} = {49B7A61F-B3BE-485E-84D0-B78C08656412}
		{DE4EC9B6-86E3-4E9C-B260-600DAEDE9E12} = {8E178A6E-EAA5-413A-9EBE-36557DFF288E}
		{3D0B72F2-9697-4B5A-A526-EB8DBB8B9DB1} = {FBD15674-246A-4C57-B865-07214D8BB9A1}
		{C81398F8-AD50-4179-A0EC-2566EF978F1E} = {4D861CF0-7989-4E65-8F7C-B802B5D1AD86}
		{5E4D1FD5-A232-48AD-AF4B-49522F767600} = {C81398F8-AD50-4179-A0EC-2566EF978F1E}
		{2BB64AD6-F01B-4BBC-8CC4-D4FC1E1EE830} = {4D861CF0-7989-4E65-8F7C-B802B5D1AD86}
		{6D8576F4-6694-4704-9439-EBFE9652A140} = {4EAF5E91-8489-43BE-8B06-4E1F09DF8B2B}
		{C6AFA8DF-2D5F-4B5E-9C70-DD3CA5E5044B} = {2BB64AD6-F01B-4BBC-8CC4-D4FC1E1EE830}
<<<<<<< HEAD
		{5881A6EB-E702-4A4E-9F0A-6B4B91FE34B6} = {49B7A61F-B3BE-485E-84D0-B78C08656412}
		{60867667-10CF-431F-8E94-194913ED84FF} = {FBD15674-246A-4C57-B865-07214D8BB9A1}
=======
		{5881A6EB-E702-4A4E-9F0A-6B4B91FE34B6} = {16BB0B43-6224-42C2-9A33-A039348CF965}
		{292B1A29-4ADE-49CB-BDE3-20759AB20E37} = {8E178A6E-EAA5-413A-9EBE-36557DFF288E}
		{AD3E7BA2-4B2F-47FD-BA0C-DB4EF83BB05D} = {FBD15674-246A-4C57-B865-07214D8BB9A1}
		{01DDE186-5378-4C77-9CA1-3BC161F2B9E5} = {FBD15674-246A-4C57-B865-07214D8BB9A1}
		{4CE3F6B7-4F87-454F-B590-85037D5BE085} = {FBD15674-246A-4C57-B865-07214D8BB9A1}
		{985AEA89-B646-415A-828F-65F2B0C02F4E} = {8E178A6E-EAA5-413A-9EBE-36557DFF288E}
		{05EEFD56-F33D-4FD2-A856-AE2EE650C616} = {FBD15674-246A-4C57-B865-07214D8BB9A1}
		{254C0A6F-9355-476A-AFDB-6E20688E4432} = {49B7A61F-B3BE-485E-84D0-B78C08656412}
		{77C85584-ABF2-4750-BB85-8CE49EDC65FF} = {FBD15674-246A-4C57-B865-07214D8BB9A1}
		{28E6E924-BC59-4124-9EB1-F02A57C7A7E3} = {16BB0B43-6224-42C2-9A33-A039348CF965}
		{1F42B6A4-FAB1-4E49-B984-6FEA213C6D92} = {16BB0B43-6224-42C2-9A33-A039348CF965}
		{89242BED-0913-4B7A-8C3A-8333B01EE9E9} = {16BB0B43-6224-42C2-9A33-A039348CF965}
		{60FDD3F9-ACDA-4424-BEC6-09AA7CF7847C} = {FBD15674-246A-4C57-B865-07214D8BB9A1}
		{F0A7DAA0-469A-42F5-8CD3-98E77C93EBD7} = {8E178A6E-EAA5-413A-9EBE-36557DFF288E}
		{B248E271-47CB-4579-BB76-A1B87537F5BA} = {49B7A61F-B3BE-485E-84D0-B78C08656412}
	EndGlobalSection
	GlobalSection(ExtensibilityGlobals) = postSolution
		SolutionGuid = {532F5D25-2D82-45B3-BF60-DDA40A0FB795}
	EndGlobalSection
EndGlobal
